// !$*UTF8*$!
{
	archiveVersion = 1;
	classes = {
	};
	objectVersion = 46;
	objects = {

/* Begin PBXBuildFile section */
		0A1A2C841DA18D1D0084FACA /* Mouth0.png in Resources */ = {isa = PBXBuildFile; fileRef = 0A1A2C631DA18D1D0084FACA /* Mouth0.png */; };
		0A1A2C851DA18D1D0084FACA /* Mouth1.png in Resources */ = {isa = PBXBuildFile; fileRef = 0A1A2C641DA18D1D0084FACA /* Mouth1.png */; };
		0A1A2C861DA18D1D0084FACA /* Mouth2.png in Resources */ = {isa = PBXBuildFile; fileRef = 0A1A2C651DA18D1D0084FACA /* Mouth2.png */; };
		0A1A2C871DA18D1D0084FACA /* Mouth3.png in Resources */ = {isa = PBXBuildFile; fileRef = 0A1A2C661DA18D1D0084FACA /* Mouth3.png */; };
		0A1A2C881DA18D1D0084FACA /* Mouth4.png in Resources */ = {isa = PBXBuildFile; fileRef = 0A1A2C671DA18D1D0084FACA /* Mouth4.png */; };
		0A1A2C891DA18D1D0084FACA /* Mouth5.png in Resources */ = {isa = PBXBuildFile; fileRef = 0A1A2C681DA18D1D0084FACA /* Mouth5.png */; };
		0A1A2C8A1DA18D1D0084FACA /* Mouth6.png in Resources */ = {isa = PBXBuildFile; fileRef = 0A1A2C691DA18D1D0084FACA /* Mouth6.png */; };
		0A1A2C8B1DA18D1D0084FACA /* Mouth7.png in Resources */ = {isa = PBXBuildFile; fileRef = 0A1A2C6A1DA18D1D0084FACA /* Mouth7.png */; };
		0A1A2C8C1DA18D1D0084FACA /* Mouth8.png in Resources */ = {isa = PBXBuildFile; fileRef = 0A1A2C6B1DA18D1D0084FACA /* Mouth8.png */; };
		0A1A2C8D1DA18D1D0084FACA /* Mouth9.png in Resources */ = {isa = PBXBuildFile; fileRef = 0A1A2C6C1DA18D1D0084FACA /* Mouth9.png */; };
		0A1A2C8E1DA18D1D0084FACA /* Mouth10.png in Resources */ = {isa = PBXBuildFile; fileRef = 0A1A2C6D1DA18D1D0084FACA /* Mouth10.png */; };
		0A1A2C8F1DA18D1D0084FACA /* Mouth11.png in Resources */ = {isa = PBXBuildFile; fileRef = 0A1A2C6E1DA18D1D0084FACA /* Mouth11.png */; };
		0A1A2C901DA18D1D0084FACA /* Mouth12.png in Resources */ = {isa = PBXBuildFile; fileRef = 0A1A2C6F1DA18D1D0084FACA /* Mouth12.png */; };
		0A1A2C911DA18D1D0084FACA /* Mouth13.png in Resources */ = {isa = PBXBuildFile; fileRef = 0A1A2C701DA18D1D0084FACA /* Mouth13.png */; };
		0A1A2C921DA18D1D0084FACA /* Mouth14.png in Resources */ = {isa = PBXBuildFile; fileRef = 0A1A2C711DA18D1D0084FACA /* Mouth14.png */; };
		0A1A2C931DA18D1D0084FACA /* Mouth15.png in Resources */ = {isa = PBXBuildFile; fileRef = 0A1A2C721DA18D1D0084FACA /* Mouth15.png */; };
		0A1A2C941DA18D1D0084FACA /* Mouth16.png in Resources */ = {isa = PBXBuildFile; fileRef = 0A1A2C731DA18D1D0084FACA /* Mouth16.png */; };
		0A1A2C951DA18D1D0084FACA /* Mouth17.png in Resources */ = {isa = PBXBuildFile; fileRef = 0A1A2C741DA18D1D0084FACA /* Mouth17.png */; };
		0A1A2C961DA18D1D0084FACA /* Mouth18.png in Resources */ = {isa = PBXBuildFile; fileRef = 0A1A2C751DA18D1D0084FACA /* Mouth18.png */; };
		0A1A2C971DA18D1D0084FACA /* Mouth19.png in Resources */ = {isa = PBXBuildFile; fileRef = 0A1A2C761DA18D1D0084FACA /* Mouth19.png */; };
		0A1A2C981DA18D1D0084FACA /* Mouth20.png in Resources */ = {isa = PBXBuildFile; fileRef = 0A1A2C771DA18D1D0084FACA /* Mouth20.png */; };
		0A1A2C991DA18D1D0084FACA /* Mouth21.png in Resources */ = {isa = PBXBuildFile; fileRef = 0A1A2C781DA18D1D0084FACA /* Mouth21.png */; };
		0A1A2C9A1DA18D1D0084FACA /* Mouth22.png in Resources */ = {isa = PBXBuildFile; fileRef = 0A1A2C791DA18D1D0084FACA /* Mouth22.png */; };
		0A1A2C9B1DA18D1D0084FACA /* Mouth23.png in Resources */ = {isa = PBXBuildFile; fileRef = 0A1A2C7A1DA18D1D0084FACA /* Mouth23.png */; };
		0A1A2C9C1DA18D1D0084FACA /* Mouth24.png in Resources */ = {isa = PBXBuildFile; fileRef = 0A1A2C7B1DA18D1D0084FACA /* Mouth24.png */; };
		0A1A2C9D1DA18D1D0084FACA /* Mouth25.png in Resources */ = {isa = PBXBuildFile; fileRef = 0A1A2C7C1DA18D1D0084FACA /* Mouth25.png */; };
		0A1A2C9E1DA18D1D0084FACA /* Mouth26.png in Resources */ = {isa = PBXBuildFile; fileRef = 0A1A2C7D1DA18D1D0084FACA /* Mouth26.png */; };
		0A1A2C9F1DA18D1D0084FACA /* Mouth27.png in Resources */ = {isa = PBXBuildFile; fileRef = 0A1A2C7E1DA18D1D0084FACA /* Mouth27.png */; };
		0A1A2CA01DA18D1D0084FACA /* Mouth28.png in Resources */ = {isa = PBXBuildFile; fileRef = 0A1A2C7F1DA18D1D0084FACA /* Mouth28.png */; };
		0A1A2CA11DA18D1D0084FACA /* Mouth29.png in Resources */ = {isa = PBXBuildFile; fileRef = 0A1A2C801DA18D1D0084FACA /* Mouth29.png */; };
		0A1A2CA21DA18D1D0084FACA /* Mouth30.png in Resources */ = {isa = PBXBuildFile; fileRef = 0A1A2C811DA18D1D0084FACA /* Mouth30.png */; };
		0A1A2CA31DA18D1D0084FACA /* Mouth31.png in Resources */ = {isa = PBXBuildFile; fileRef = 0A1A2C821DA18D1D0084FACA /* Mouth31.png */; };
		0A1A2CA41DA18D1D0084FACA /* Mouth32.png in Resources */ = {isa = PBXBuildFile; fileRef = 0A1A2C831DA18D1D0084FACA /* Mouth32.png */; };
		0A4AE0571D9A9EA40012CDAD /* MonsterPartsManager.swift in Sources */ = {isa = PBXBuildFile; fileRef = 0A4AE0561D9A9EA40012CDAD /* MonsterPartsManager.swift */; };
		0A689BB81DAA6D7A0068F3EC /* StickerCollectionViewCell.swift in Sources */ = {isa = PBXBuildFile; fileRef = 0A689BB71DAA6D7A0068F3EC /* StickerCollectionViewCell.swift */; };
		0A689BD31DAAB74E0068F3EC /* SkullGif0.gif in Resources */ = {isa = PBXBuildFile; fileRef = 0A689BC71DAAB74E0068F3EC /* SkullGif0.gif */; };
		0A689BD41DAAB74E0068F3EC /* SkullGif1.gif in Resources */ = {isa = PBXBuildFile; fileRef = 0A689BC81DAAB74E0068F3EC /* SkullGif1.gif */; };
		0A689BD51DAAB74E0068F3EC /* SkullGif2.gif in Resources */ = {isa = PBXBuildFile; fileRef = 0A689BC91DAAB74E0068F3EC /* SkullGif2.gif */; };
		0A689BD61DAAB74E0068F3EC /* SkullGif3.gif in Resources */ = {isa = PBXBuildFile; fileRef = 0A689BCA1DAAB74E0068F3EC /* SkullGif3.gif */; };
		0A689BD71DAAB74E0068F3EC /* SkullGif4.gif in Resources */ = {isa = PBXBuildFile; fileRef = 0A689BCB1DAAB74E0068F3EC /* SkullGif4.gif */; };
		0A689BD81DAAB74E0068F3EC /* SkullGif5.gif in Resources */ = {isa = PBXBuildFile; fileRef = 0A689BCC1DAAB74E0068F3EC /* SkullGif5.gif */; };
		0A689BD91DAAB74E0068F3EC /* WolfGif0.gif in Resources */ = {isa = PBXBuildFile; fileRef = 0A689BCD1DAAB74E0068F3EC /* WolfGif0.gif */; };
		0A689BDA1DAAB74E0068F3EC /* WolfGif1.gif in Resources */ = {isa = PBXBuildFile; fileRef = 0A689BCE1DAAB74E0068F3EC /* WolfGif1.gif */; };
		0A689BDC1DAAB74E0068F3EC /* WolfGif3.gif in Resources */ = {isa = PBXBuildFile; fileRef = 0A689BD01DAAB74E0068F3EC /* WolfGif3.gif */; };
		0A689BDD1DAAB74E0068F3EC /* WolfGif4.gif in Resources */ = {isa = PBXBuildFile; fileRef = 0A689BD11DAAB74E0068F3EC /* WolfGif4.gif */; };
		0A689BDE1DAAB74E0068F3EC /* WolfGif5.gif in Resources */ = {isa = PBXBuildFile; fileRef = 0A689BD21DAAB74E0068F3EC /* WolfGif5.gif */; };
		0A689C121DAAD75C0068F3EC /* Eye0.png in Resources */ = {isa = PBXBuildFile; fileRef = 0A689BDF1DAAD75C0068F3EC /* Eye0.png */; };
		0A689C131DAAD75C0068F3EC /* Eye1.png in Resources */ = {isa = PBXBuildFile; fileRef = 0A689BE01DAAD75C0068F3EC /* Eye1.png */; };
		0A689C141DAAD75C0068F3EC /* Eye2.png in Resources */ = {isa = PBXBuildFile; fileRef = 0A689BE11DAAD75C0068F3EC /* Eye2.png */; };
		0A689C151DAAD75C0068F3EC /* Eye3.png in Resources */ = {isa = PBXBuildFile; fileRef = 0A689BE21DAAD75C0068F3EC /* Eye3.png */; };
		0A689C161DAAD75C0068F3EC /* Eye4.png in Resources */ = {isa = PBXBuildFile; fileRef = 0A689BE31DAAD75C0068F3EC /* Eye4.png */; };
		0A689C171DAAD75C0068F3EC /* Eye5.png in Resources */ = {isa = PBXBuildFile; fileRef = 0A689BE41DAAD75C0068F3EC /* Eye5.png */; };
		0A689C181DAAD75C0068F3EC /* Eye6.png in Resources */ = {isa = PBXBuildFile; fileRef = 0A689BE51DAAD75C0068F3EC /* Eye6.png */; };
		0A689C191DAAD75C0068F3EC /* Eye7.png in Resources */ = {isa = PBXBuildFile; fileRef = 0A689BE61DAAD75C0068F3EC /* Eye7.png */; };
		0A689C1A1DAAD75C0068F3EC /* Eye8.png in Resources */ = {isa = PBXBuildFile; fileRef = 0A689BE71DAAD75C0068F3EC /* Eye8.png */; };
		0A689C1B1DAAD75C0068F3EC /* Eye9.png in Resources */ = {isa = PBXBuildFile; fileRef = 0A689BE81DAAD75C0068F3EC /* Eye9.png */; };
		0A689C1C1DAAD75C0068F3EC /* Eye10.png in Resources */ = {isa = PBXBuildFile; fileRef = 0A689BE91DAAD75C0068F3EC /* Eye10.png */; };
		0A689C1D1DAAD75C0068F3EC /* Eye11.png in Resources */ = {isa = PBXBuildFile; fileRef = 0A689BEA1DAAD75C0068F3EC /* Eye11.png */; };
		0A689C1E1DAAD75C0068F3EC /* Eye12.png in Resources */ = {isa = PBXBuildFile; fileRef = 0A689BEB1DAAD75C0068F3EC /* Eye12.png */; };
		0A689C1F1DAAD75C0068F3EC /* Eye13.png in Resources */ = {isa = PBXBuildFile; fileRef = 0A689BEC1DAAD75C0068F3EC /* Eye13.png */; };
		0A689C201DAAD75C0068F3EC /* Eye14.png in Resources */ = {isa = PBXBuildFile; fileRef = 0A689BED1DAAD75C0068F3EC /* Eye14.png */; };
		0A689C211DAAD75C0068F3EC /* Eye15.png in Resources */ = {isa = PBXBuildFile; fileRef = 0A689BEE1DAAD75C0068F3EC /* Eye15.png */; };
		0A689C221DAAD75C0068F3EC /* Eye16.png in Resources */ = {isa = PBXBuildFile; fileRef = 0A689BEF1DAAD75C0068F3EC /* Eye16.png */; };
		0A689C231DAAD75C0068F3EC /* Eye17.png in Resources */ = {isa = PBXBuildFile; fileRef = 0A689BF01DAAD75C0068F3EC /* Eye17.png */; };
		0A689C241DAAD75C0068F3EC /* Eye18.png in Resources */ = {isa = PBXBuildFile; fileRef = 0A689BF11DAAD75C0068F3EC /* Eye18.png */; };
		0A689C251DAAD75C0068F3EC /* Eye19.png in Resources */ = {isa = PBXBuildFile; fileRef = 0A689BF21DAAD75C0068F3EC /* Eye19.png */; };
		0A689C261DAAD75C0068F3EC /* Eye20.png in Resources */ = {isa = PBXBuildFile; fileRef = 0A689BF31DAAD75C0068F3EC /* Eye20.png */; };
		0A689C271DAAD75C0068F3EC /* Eye21.png in Resources */ = {isa = PBXBuildFile; fileRef = 0A689BF41DAAD75C0068F3EC /* Eye21.png */; };
		0A689C281DAAD75C0068F3EC /* Eye22.png in Resources */ = {isa = PBXBuildFile; fileRef = 0A689BF51DAAD75C0068F3EC /* Eye22.png */; };
		0A689C291DAAD75C0068F3EC /* Eye23.png in Resources */ = {isa = PBXBuildFile; fileRef = 0A689BF61DAAD75C0068F3EC /* Eye23.png */; };
		0A689C2A1DAAD75C0068F3EC /* Eye24.png in Resources */ = {isa = PBXBuildFile; fileRef = 0A689BF71DAAD75C0068F3EC /* Eye24.png */; };
		0A689C2B1DAAD75C0068F3EC /* Eye25.png in Resources */ = {isa = PBXBuildFile; fileRef = 0A689BF81DAAD75C0068F3EC /* Eye25.png */; };
		0A689C2C1DAAD75C0068F3EC /* Eye26.png in Resources */ = {isa = PBXBuildFile; fileRef = 0A689BF91DAAD75C0068F3EC /* Eye26.png */; };
		0A689C2D1DAAD75C0068F3EC /* Eye27.png in Resources */ = {isa = PBXBuildFile; fileRef = 0A689BFA1DAAD75C0068F3EC /* Eye27.png */; };
		0A689C2E1DAAD75C0068F3EC /* Eye28.png in Resources */ = {isa = PBXBuildFile; fileRef = 0A689BFB1DAAD75C0068F3EC /* Eye28.png */; };
		0A689C2F1DAAD75C0068F3EC /* Eye29.png in Resources */ = {isa = PBXBuildFile; fileRef = 0A689BFC1DAAD75C0068F3EC /* Eye29.png */; };
		0A689C301DAAD75C0068F3EC /* Eye30.png in Resources */ = {isa = PBXBuildFile; fileRef = 0A689BFD1DAAD75C0068F3EC /* Eye30.png */; };
		0A689C311DAAD75C0068F3EC /* Eye31.png in Resources */ = {isa = PBXBuildFile; fileRef = 0A689BFE1DAAD75C0068F3EC /* Eye31.png */; };
		0A689C321DAAD75C0068F3EC /* Eye32.png in Resources */ = {isa = PBXBuildFile; fileRef = 0A689BFF1DAAD75C0068F3EC /* Eye32.png */; };
		0A689C331DAAD75C0068F3EC /* Eye33.png in Resources */ = {isa = PBXBuildFile; fileRef = 0A689C001DAAD75C0068F3EC /* Eye33.png */; };
		0A689C341DAAD75C0068F3EC /* Eye34.png in Resources */ = {isa = PBXBuildFile; fileRef = 0A689C011DAAD75C0068F3EC /* Eye34.png */; };
		0A689C351DAAD75C0068F3EC /* Eye35.png in Resources */ = {isa = PBXBuildFile; fileRef = 0A689C021DAAD75C0068F3EC /* Eye35.png */; };
		0A689C361DAAD75C0068F3EC /* Eye36.png in Resources */ = {isa = PBXBuildFile; fileRef = 0A689C031DAAD75C0068F3EC /* Eye36.png */; };
		0A689C371DAAD75C0068F3EC /* Eye37.png in Resources */ = {isa = PBXBuildFile; fileRef = 0A689C041DAAD75C0068F3EC /* Eye37.png */; };
		0A689C381DAAD75C0068F3EC /* Eye38.png in Resources */ = {isa = PBXBuildFile; fileRef = 0A689C051DAAD75C0068F3EC /* Eye38.png */; };
		0A689C391DAAD75C0068F3EC /* Eye39.png in Resources */ = {isa = PBXBuildFile; fileRef = 0A689C061DAAD75C0068F3EC /* Eye39.png */; };
		0A689C3A1DAAD75C0068F3EC /* Eye40.png in Resources */ = {isa = PBXBuildFile; fileRef = 0A689C071DAAD75C0068F3EC /* Eye40.png */; };
		0A689C3B1DAAD75C0068F3EC /* Eye41.png in Resources */ = {isa = PBXBuildFile; fileRef = 0A689C081DAAD75C0068F3EC /* Eye41.png */; };
		0A689C3C1DAAD75C0068F3EC /* Eye42.png in Resources */ = {isa = PBXBuildFile; fileRef = 0A689C091DAAD75C0068F3EC /* Eye42.png */; };
		0A689C3D1DAAD75C0068F3EC /* Eye43.png in Resources */ = {isa = PBXBuildFile; fileRef = 0A689C0A1DAAD75C0068F3EC /* Eye43.png */; };
		0A689C3E1DAAD75C0068F3EC /* Eye44.png in Resources */ = {isa = PBXBuildFile; fileRef = 0A689C0B1DAAD75C0068F3EC /* Eye44.png */; };
		0A689C3F1DAAD75C0068F3EC /* Eye45.png in Resources */ = {isa = PBXBuildFile; fileRef = 0A689C0C1DAAD75C0068F3EC /* Eye45.png */; };
		0A689C401DAAD75C0068F3EC /* Eye46.png in Resources */ = {isa = PBXBuildFile; fileRef = 0A689C0D1DAAD75C0068F3EC /* Eye46.png */; };
		0A689C411DAAD75C0068F3EC /* Eye47.png in Resources */ = {isa = PBXBuildFile; fileRef = 0A689C0E1DAAD75C0068F3EC /* Eye47.png */; };
		0A689C421DAAD75C0068F3EC /* Eye48.png in Resources */ = {isa = PBXBuildFile; fileRef = 0A689C0F1DAAD75C0068F3EC /* Eye48.png */; };
		0A689C431DAAD75C0068F3EC /* Eye49.png in Resources */ = {isa = PBXBuildFile; fileRef = 0A689C101DAAD75C0068F3EC /* Eye49.png */; };
		0A689C441DAAD75C0068F3EC /* Eye50.png in Resources */ = {isa = PBXBuildFile; fileRef = 0A689C111DAAD75C0068F3EC /* Eye50.png */; };
		0A689C461DAAF36F0068F3EC /* SwampGif2.gif in Resources */ = {isa = PBXBuildFile; fileRef = 0A689C451DAAF36F0068F3EC /* SwampGif2.gif */; };
		0A6AE39D1D99C36F00F99EE1 /* Assets.xcassets in Resources */ = {isa = PBXBuildFile; fileRef = 0A6AE39C1D99C36F00F99EE1 /* Assets.xcassets */; };
		0A6AE3A41D99C36F00F99EE1 /* MessagesExtension.appex in Embed App Extensions */ = {isa = PBXBuildFile; fileRef = 0A6AE3A31D99C36F00F99EE1 /* MessagesExtension.appex */; settings = {ATTRIBUTES = (RemoveHeadersOnCopy, ); }; };
		0A6AE3A91D99C36F00F99EE1 /* Messages.framework in Frameworks */ = {isa = PBXBuildFile; fileRef = 0A6AE3A81D99C36F00F99EE1 /* Messages.framework */; };
		0A6AE3AC1D99C36F00F99EE1 /* MessagesViewController.swift in Sources */ = {isa = PBXBuildFile; fileRef = 0A6AE3AB1D99C36F00F99EE1 /* MessagesViewController.swift */; };
		0A6AE3AF1D99C36F00F99EE1 /* MainInterface.storyboard in Resources */ = {isa = PBXBuildFile; fileRef = 0A6AE3AD1D99C36F00F99EE1 /* MainInterface.storyboard */; };
		0A6AE3B11D99C36F00F99EE1 /* Assets.xcassets in Resources */ = {isa = PBXBuildFile; fileRef = 0A6AE3B01D99C36F00F99EE1 /* Assets.xcassets */; };
		0A6AE3C01D99C9A500F99EE1 /* DataManager.swift in Sources */ = {isa = PBXBuildFile; fileRef = 0A6AE3BC1D99C9A500F99EE1 /* DataManager.swift */; };
		0A6AE3C11D99C9A500F99EE1 /* MonsterBrowserViewController.swift in Sources */ = {isa = PBXBuildFile; fileRef = 0A6AE3BD1D99C9A500F99EE1 /* MonsterBrowserViewController.swift */; };
		0A6AE3C21D99C9A500F99EE1 /* MonsterMakerViewController.swift in Sources */ = {isa = PBXBuildFile; fileRef = 0A6AE3BE1D99C9A500F99EE1 /* MonsterMakerViewController.swift */; };
		0A6AE3C31D99C9A500F99EE1 /* StickerManager.swift in Sources */ = {isa = PBXBuildFile; fileRef = 0A6AE3BF1D99C9A500F99EE1 /* StickerManager.swift */; };
		0A9308091DA2F5F8009EF474 /* Accessories0.png in Resources */ = {isa = PBXBuildFile; fileRef = 0A9307F51DA2F5F8009EF474 /* Accessories0.png */; };
		0A93080A1DA2F5F8009EF474 /* Accessories1.png in Resources */ = {isa = PBXBuildFile; fileRef = 0A9307F61DA2F5F8009EF474 /* Accessories1.png */; };
		0A93080B1DA2F5F8009EF474 /* Accessories2.png in Resources */ = {isa = PBXBuildFile; fileRef = 0A9307F71DA2F5F8009EF474 /* Accessories2.png */; };
		0A93080C1DA2F5F8009EF474 /* Accessories3.png in Resources */ = {isa = PBXBuildFile; fileRef = 0A9307F81DA2F5F8009EF474 /* Accessories3.png */; };
		0A93080D1DA2F5F8009EF474 /* Accessories4.png in Resources */ = {isa = PBXBuildFile; fileRef = 0A9307F91DA2F5F8009EF474 /* Accessories4.png */; };
		0A93080E1DA2F5F8009EF474 /* Accessories5.png in Resources */ = {isa = PBXBuildFile; fileRef = 0A9307FA1DA2F5F8009EF474 /* Accessories5.png */; };
		0A93080F1DA2F5F8009EF474 /* Accessories6.png in Resources */ = {isa = PBXBuildFile; fileRef = 0A9307FB1DA2F5F8009EF474 /* Accessories6.png */; };
		0A9308101DA2F5F8009EF474 /* Accessories7.png in Resources */ = {isa = PBXBuildFile; fileRef = 0A9307FC1DA2F5F8009EF474 /* Accessories7.png */; };
		0A9308111DA2F5F8009EF474 /* Accessories8.png in Resources */ = {isa = PBXBuildFile; fileRef = 0A9307FD1DA2F5F8009EF474 /* Accessories8.png */; };
		0A9308121DA2F5F8009EF474 /* Accessories9.png in Resources */ = {isa = PBXBuildFile; fileRef = 0A9307FE1DA2F5F8009EF474 /* Accessories9.png */; };
		0A9308131DA2F5F8009EF474 /* Accessories10.png in Resources */ = {isa = PBXBuildFile; fileRef = 0A9307FF1DA2F5F8009EF474 /* Accessories10.png */; };
		0A9308141DA2F5F8009EF474 /* Accessories11.png in Resources */ = {isa = PBXBuildFile; fileRef = 0A9308001DA2F5F8009EF474 /* Accessories11.png */; };
		0A9308151DA2F5F8009EF474 /* Accessories12.png in Resources */ = {isa = PBXBuildFile; fileRef = 0A9308011DA2F5F8009EF474 /* Accessories12.png */; };
		0A9308161DA2F5F8009EF474 /* Accessories13.png in Resources */ = {isa = PBXBuildFile; fileRef = 0A9308021DA2F5F8009EF474 /* Accessories13.png */; };
		0A9308171DA2F5F8009EF474 /* Accessories14.png in Resources */ = {isa = PBXBuildFile; fileRef = 0A9308031DA2F5F8009EF474 /* Accessories14.png */; };
		0A9308181DA2F5F8009EF474 /* Accessories15.png in Resources */ = {isa = PBXBuildFile; fileRef = 0A9308041DA2F5F8009EF474 /* Accessories15.png */; };
		0A9308191DA2F5F8009EF474 /* Accessories16.png in Resources */ = {isa = PBXBuildFile; fileRef = 0A9308051DA2F5F8009EF474 /* Accessories16.png */; };
		0A93081A1DA2F5F8009EF474 /* Accessories17.png in Resources */ = {isa = PBXBuildFile; fileRef = 0A9308061DA2F5F8009EF474 /* Accessories17.png */; };
		0A93081B1DA2F5F8009EF474 /* Accessories18.png in Resources */ = {isa = PBXBuildFile; fileRef = 0A9308071DA2F5F8009EF474 /* Accessories18.png */; };
		0A93081C1DA2F5F8009EF474 /* Accessories19.png in Resources */ = {isa = PBXBuildFile; fileRef = 0A9308081DA2F5F8009EF474 /* Accessories19.png */; };
		0A93083F1DA30006009EF474 /* Skull0.png in Resources */ = {isa = PBXBuildFile; fileRef = 0A9308211DA30006009EF474 /* Skull0.png */; };
		0A9308401DA30006009EF474 /* Skull1.png in Resources */ = {isa = PBXBuildFile; fileRef = 0A9308221DA30006009EF474 /* Skull1.png */; };
		0A9308411DA30006009EF474 /* Skull2.png in Resources */ = {isa = PBXBuildFile; fileRef = 0A9308231DA30006009EF474 /* Skull2.png */; };
		0A9308421DA30006009EF474 /* Skull3.png in Resources */ = {isa = PBXBuildFile; fileRef = 0A9308241DA30006009EF474 /* Skull3.png */; };
		0A9308431DA30006009EF474 /* Skull4.png in Resources */ = {isa = PBXBuildFile; fileRef = 0A9308251DA30006009EF474 /* Skull4.png */; };
		0A9308441DA30006009EF474 /* Skull5.png in Resources */ = {isa = PBXBuildFile; fileRef = 0A9308261DA30006009EF474 /* Skull5.png */; };
		0A9308451DA30006009EF474 /* Snake0.png in Resources */ = {isa = PBXBuildFile; fileRef = 0A9308271DA30006009EF474 /* Snake0.png */; };
		0A9308461DA30006009EF474 /* Snake1.png in Resources */ = {isa = PBXBuildFile; fileRef = 0A9308281DA30006009EF474 /* Snake1.png */; };
		0A9308471DA30006009EF474 /* Snake2.png in Resources */ = {isa = PBXBuildFile; fileRef = 0A9308291DA30006009EF474 /* Snake2.png */; };
		0A9308481DA30006009EF474 /* Snake3.png in Resources */ = {isa = PBXBuildFile; fileRef = 0A93082A1DA30006009EF474 /* Snake3.png */; };
		0A9308491DA30006009EF474 /* Snake4.png in Resources */ = {isa = PBXBuildFile; fileRef = 0A93082B1DA30006009EF474 /* Snake4.png */; };
		0A93084A1DA30006009EF474 /* Snake5.png in Resources */ = {isa = PBXBuildFile; fileRef = 0A93082C1DA30006009EF474 /* Snake5.png */; };
		0A93084B1DA30006009EF474 /* Swamp0.png in Resources */ = {isa = PBXBuildFile; fileRef = 0A93082D1DA30006009EF474 /* Swamp0.png */; };
		0A93084C1DA30006009EF474 /* Swamp1.png in Resources */ = {isa = PBXBuildFile; fileRef = 0A93082E1DA30006009EF474 /* Swamp1.png */; };
		0A93084D1DA30006009EF474 /* Swamp2.png in Resources */ = {isa = PBXBuildFile; fileRef = 0A93082F1DA30006009EF474 /* Swamp2.png */; };
		0A93084E1DA30006009EF474 /* Swamp3.png in Resources */ = {isa = PBXBuildFile; fileRef = 0A9308301DA30006009EF474 /* Swamp3.png */; };
		0A93084F1DA30006009EF474 /* Swamp4.png in Resources */ = {isa = PBXBuildFile; fileRef = 0A9308311DA30006009EF474 /* Swamp4.png */; };
		0A9308501DA30006009EF474 /* Swamp5.png in Resources */ = {isa = PBXBuildFile; fileRef = 0A9308321DA30006009EF474 /* Swamp5.png */; };
		0A9308511DA30006009EF474 /* Vamp0.png in Resources */ = {isa = PBXBuildFile; fileRef = 0A9308331DA30006009EF474 /* Vamp0.png */; };
		0A9308521DA30006009EF474 /* Vamp1.png in Resources */ = {isa = PBXBuildFile; fileRef = 0A9308341DA30006009EF474 /* Vamp1.png */; };
		0A9308531DA30006009EF474 /* Vamp2.png in Resources */ = {isa = PBXBuildFile; fileRef = 0A9308351DA30006009EF474 /* Vamp2.png */; };
		0A9308541DA30006009EF474 /* Vamp3.png in Resources */ = {isa = PBXBuildFile; fileRef = 0A9308361DA30006009EF474 /* Vamp3.png */; };
		0A9308551DA30006009EF474 /* Vamp4.png in Resources */ = {isa = PBXBuildFile; fileRef = 0A9308371DA30006009EF474 /* Vamp4.png */; };
		0A9308561DA30006009EF474 /* Vamp5.png in Resources */ = {isa = PBXBuildFile; fileRef = 0A9308381DA30006009EF474 /* Vamp5.png */; };
		0A9308571DA30006009EF474 /* Wolf0.png in Resources */ = {isa = PBXBuildFile; fileRef = 0A9308391DA30006009EF474 /* Wolf0.png */; };
		0A9308581DA30006009EF474 /* Wolf1.png in Resources */ = {isa = PBXBuildFile; fileRef = 0A93083A1DA30006009EF474 /* Wolf1.png */; };
		0A9308591DA30006009EF474 /* Wolf2.png in Resources */ = {isa = PBXBuildFile; fileRef = 0A93083B1DA30006009EF474 /* Wolf2.png */; };
		0A93085A1DA30006009EF474 /* Wolf3.png in Resources */ = {isa = PBXBuildFile; fileRef = 0A93083C1DA30006009EF474 /* Wolf3.png */; };
		0A93085B1DA30006009EF474 /* Wolf4.png in Resources */ = {isa = PBXBuildFile; fileRef = 0A93083D1DA30006009EF474 /* Wolf4.png */; };
		0A93085C1DA30006009EF474 /* Wolf5.png in Resources */ = {isa = PBXBuildFile; fileRef = 0A93083E1DA30006009EF474 /* Wolf5.png */; };
		0AF36DC61DA03E0F00DBFCF2 /* Text0.png in Resources */ = {isa = PBXBuildFile; fileRef = 0AF36DC01DA03E0F00DBFCF2 /* Text0.png */; };
		0AF36DC71DA03E0F00DBFCF2 /* Text1.png in Resources */ = {isa = PBXBuildFile; fileRef = 0AF36DC11DA03E0F00DBFCF2 /* Text1.png */; };
		0AF36DC81DA03E0F00DBFCF2 /* Text2.png in Resources */ = {isa = PBXBuildFile; fileRef = 0AF36DC21DA03E0F00DBFCF2 /* Text2.png */; };
		0AF36DC91DA03E0F00DBFCF2 /* Text3.png in Resources */ = {isa = PBXBuildFile; fileRef = 0AF36DC31DA03E0F00DBFCF2 /* Text3.png */; };
		0AF36DCA1DA03E0F00DBFCF2 /* Text4.png in Resources */ = {isa = PBXBuildFile; fileRef = 0AF36DC41DA03E0F00DBFCF2 /* Text4.png */; };
		0AF36DCB1DA03E0F00DBFCF2 /* Text5.png in Resources */ = {isa = PBXBuildFile; fileRef = 0AF36DC51DA03E0F00DBFCF2 /* Text5.png */; };
		0AF36DD11DA03E1700DBFCF2 /* Head0.png in Resources */ = {isa = PBXBuildFile; fileRef = 0AF36DCC1DA03E1700DBFCF2 /* Head0.png */; };
		0AF36DD21DA03E1700DBFCF2 /* Head1.png in Resources */ = {isa = PBXBuildFile; fileRef = 0AF36DCD1DA03E1700DBFCF2 /* Head1.png */; };
		0AF36DD31DA03E1700DBFCF2 /* Head2.png in Resources */ = {isa = PBXBuildFile; fileRef = 0AF36DCE1DA03E1700DBFCF2 /* Head2.png */; };
		0AF36DD41DA03E1700DBFCF2 /* Head3.png in Resources */ = {isa = PBXBuildFile; fileRef = 0AF36DCF1DA03E1700DBFCF2 /* Head3.png */; };
		0AF36DD51DA03E1700DBFCF2 /* Head4.png in Resources */ = {isa = PBXBuildFile; fileRef = 0AF36DD01DA03E1700DBFCF2 /* Head4.png */; };
/* End PBXBuildFile section */

/* Begin PBXContainerItemProxy section */
		0A6AE3A51D99C36F00F99EE1 /* PBXContainerItemProxy */ = {
			isa = PBXContainerItemProxy;
			containerPortal = 0A6AE3931D99C36F00F99EE1 /* Project object */;
			proxyType = 1;
			remoteGlobalIDString = 0A6AE3A21D99C36F00F99EE1;
			remoteInfo = MessagesExtension;
		};
/* End PBXContainerItemProxy section */

/* Begin PBXCopyFilesBuildPhase section */
		0A6AE3B81D99C36F00F99EE1 /* Embed App Extensions */ = {
			isa = PBXCopyFilesBuildPhase;
			buildActionMask = 2147483647;
			dstPath = "";
			dstSubfolderSpec = 13;
			files = (
				0A6AE3A41D99C36F00F99EE1 /* MessagesExtension.appex in Embed App Extensions */,
			);
			name = "Embed App Extensions";
			runOnlyForDeploymentPostprocessing = 0;
		};
/* End PBXCopyFilesBuildPhase section */

/* Begin PBXFileReference section */
		0A1A2C631DA18D1D0084FACA /* Mouth0.png */ = {isa = PBXFileReference; lastKnownFileType = image.png; path = Mouth0.png; sourceTree = "<group>"; };
		0A1A2C641DA18D1D0084FACA /* Mouth1.png */ = {isa = PBXFileReference; lastKnownFileType = image.png; path = Mouth1.png; sourceTree = "<group>"; };
		0A1A2C651DA18D1D0084FACA /* Mouth2.png */ = {isa = PBXFileReference; lastKnownFileType = image.png; path = Mouth2.png; sourceTree = "<group>"; };
		0A1A2C661DA18D1D0084FACA /* Mouth3.png */ = {isa = PBXFileReference; lastKnownFileType = image.png; path = Mouth3.png; sourceTree = "<group>"; };
		0A1A2C671DA18D1D0084FACA /* Mouth4.png */ = {isa = PBXFileReference; lastKnownFileType = image.png; path = Mouth4.png; sourceTree = "<group>"; };
		0A1A2C681DA18D1D0084FACA /* Mouth5.png */ = {isa = PBXFileReference; lastKnownFileType = image.png; path = Mouth5.png; sourceTree = "<group>"; };
		0A1A2C691DA18D1D0084FACA /* Mouth6.png */ = {isa = PBXFileReference; lastKnownFileType = image.png; path = Mouth6.png; sourceTree = "<group>"; };
		0A1A2C6A1DA18D1D0084FACA /* Mouth7.png */ = {isa = PBXFileReference; lastKnownFileType = image.png; path = Mouth7.png; sourceTree = "<group>"; };
		0A1A2C6B1DA18D1D0084FACA /* Mouth8.png */ = {isa = PBXFileReference; lastKnownFileType = image.png; path = Mouth8.png; sourceTree = "<group>"; };
		0A1A2C6C1DA18D1D0084FACA /* Mouth9.png */ = {isa = PBXFileReference; lastKnownFileType = image.png; path = Mouth9.png; sourceTree = "<group>"; };
		0A1A2C6D1DA18D1D0084FACA /* Mouth10.png */ = {isa = PBXFileReference; lastKnownFileType = image.png; path = Mouth10.png; sourceTree = "<group>"; };
		0A1A2C6E1DA18D1D0084FACA /* Mouth11.png */ = {isa = PBXFileReference; lastKnownFileType = image.png; path = Mouth11.png; sourceTree = "<group>"; };
		0A1A2C6F1DA18D1D0084FACA /* Mouth12.png */ = {isa = PBXFileReference; lastKnownFileType = image.png; path = Mouth12.png; sourceTree = "<group>"; };
		0A1A2C701DA18D1D0084FACA /* Mouth13.png */ = {isa = PBXFileReference; lastKnownFileType = image.png; path = Mouth13.png; sourceTree = "<group>"; };
		0A1A2C711DA18D1D0084FACA /* Mouth14.png */ = {isa = PBXFileReference; lastKnownFileType = image.png; path = Mouth14.png; sourceTree = "<group>"; };
		0A1A2C721DA18D1D0084FACA /* Mouth15.png */ = {isa = PBXFileReference; lastKnownFileType = image.png; path = Mouth15.png; sourceTree = "<group>"; };
		0A1A2C731DA18D1D0084FACA /* Mouth16.png */ = {isa = PBXFileReference; lastKnownFileType = image.png; path = Mouth16.png; sourceTree = "<group>"; };
		0A1A2C741DA18D1D0084FACA /* Mouth17.png */ = {isa = PBXFileReference; lastKnownFileType = image.png; path = Mouth17.png; sourceTree = "<group>"; };
		0A1A2C751DA18D1D0084FACA /* Mouth18.png */ = {isa = PBXFileReference; lastKnownFileType = image.png; path = Mouth18.png; sourceTree = "<group>"; };
		0A1A2C761DA18D1D0084FACA /* Mouth19.png */ = {isa = PBXFileReference; lastKnownFileType = image.png; path = Mouth19.png; sourceTree = "<group>"; };
		0A1A2C771DA18D1D0084FACA /* Mouth20.png */ = {isa = PBXFileReference; lastKnownFileType = image.png; path = Mouth20.png; sourceTree = "<group>"; };
		0A1A2C781DA18D1D0084FACA /* Mouth21.png */ = {isa = PBXFileReference; lastKnownFileType = image.png; path = Mouth21.png; sourceTree = "<group>"; };
		0A1A2C791DA18D1D0084FACA /* Mouth22.png */ = {isa = PBXFileReference; lastKnownFileType = image.png; path = Mouth22.png; sourceTree = "<group>"; };
		0A1A2C7A1DA18D1D0084FACA /* Mouth23.png */ = {isa = PBXFileReference; lastKnownFileType = image.png; path = Mouth23.png; sourceTree = "<group>"; };
		0A1A2C7B1DA18D1D0084FACA /* Mouth24.png */ = {isa = PBXFileReference; lastKnownFileType = image.png; path = Mouth24.png; sourceTree = "<group>"; };
		0A1A2C7C1DA18D1D0084FACA /* Mouth25.png */ = {isa = PBXFileReference; lastKnownFileType = image.png; path = Mouth25.png; sourceTree = "<group>"; };
		0A1A2C7D1DA18D1D0084FACA /* Mouth26.png */ = {isa = PBXFileReference; lastKnownFileType = image.png; path = Mouth26.png; sourceTree = "<group>"; };
		0A1A2C7E1DA18D1D0084FACA /* Mouth27.png */ = {isa = PBXFileReference; lastKnownFileType = image.png; path = Mouth27.png; sourceTree = "<group>"; };
		0A1A2C7F1DA18D1D0084FACA /* Mouth28.png */ = {isa = PBXFileReference; lastKnownFileType = image.png; path = Mouth28.png; sourceTree = "<group>"; };
		0A1A2C801DA18D1D0084FACA /* Mouth29.png */ = {isa = PBXFileReference; lastKnownFileType = image.png; path = Mouth29.png; sourceTree = "<group>"; };
		0A1A2C811DA18D1D0084FACA /* Mouth30.png */ = {isa = PBXFileReference; lastKnownFileType = image.png; path = Mouth30.png; sourceTree = "<group>"; };
		0A1A2C821DA18D1D0084FACA /* Mouth31.png */ = {isa = PBXFileReference; lastKnownFileType = image.png; path = Mouth31.png; sourceTree = "<group>"; };
		0A1A2C831DA18D1D0084FACA /* Mouth32.png */ = {isa = PBXFileReference; lastKnownFileType = image.png; path = Mouth32.png; sourceTree = "<group>"; };
		0A4AE0561D9A9EA40012CDAD /* MonsterPartsManager.swift */ = {isa = PBXFileReference; fileEncoding = 4; lastKnownFileType = sourcecode.swift; path = MonsterPartsManager.swift; sourceTree = "<group>"; };
		0A689BB71DAA6D7A0068F3EC /* StickerCollectionViewCell.swift */ = {isa = PBXFileReference; fileEncoding = 4; lastKnownFileType = sourcecode.swift; path = StickerCollectionViewCell.swift; sourceTree = "<group>"; };
		0A689BC71DAAB74E0068F3EC /* SkullGif0.gif */ = {isa = PBXFileReference; lastKnownFileType = image.gif; path = SkullGif0.gif; sourceTree = "<group>"; };
		0A689BC81DAAB74E0068F3EC /* SkullGif1.gif */ = {isa = PBXFileReference; lastKnownFileType = image.gif; path = SkullGif1.gif; sourceTree = "<group>"; };
		0A689BC91DAAB74E0068F3EC /* SkullGif2.gif */ = {isa = PBXFileReference; lastKnownFileType = image.gif; path = SkullGif2.gif; sourceTree = "<group>"; };
		0A689BCA1DAAB74E0068F3EC /* SkullGif3.gif */ = {isa = PBXFileReference; lastKnownFileType = image.gif; path = SkullGif3.gif; sourceTree = "<group>"; };
		0A689BCB1DAAB74E0068F3EC /* SkullGif4.gif */ = {isa = PBXFileReference; lastKnownFileType = image.gif; path = SkullGif4.gif; sourceTree = "<group>"; };
		0A689BCC1DAAB74E0068F3EC /* SkullGif5.gif */ = {isa = PBXFileReference; lastKnownFileType = image.gif; path = SkullGif5.gif; sourceTree = "<group>"; };
		0A689BCD1DAAB74E0068F3EC /* WolfGif0.gif */ = {isa = PBXFileReference; lastKnownFileType = image.gif; path = WolfGif0.gif; sourceTree = "<group>"; };
		0A689BCE1DAAB74E0068F3EC /* WolfGif1.gif */ = {isa = PBXFileReference; lastKnownFileType = image.gif; path = WolfGif1.gif; sourceTree = "<group>"; };
		0A689BD01DAAB74E0068F3EC /* WolfGif3.gif */ = {isa = PBXFileReference; lastKnownFileType = image.gif; path = WolfGif3.gif; sourceTree = "<group>"; };
		0A689BD11DAAB74E0068F3EC /* WolfGif4.gif */ = {isa = PBXFileReference; lastKnownFileType = image.gif; path = WolfGif4.gif; sourceTree = "<group>"; };
		0A689BD21DAAB74E0068F3EC /* WolfGif5.gif */ = {isa = PBXFileReference; lastKnownFileType = image.gif; path = WolfGif5.gif; sourceTree = "<group>"; };
		0A689BDF1DAAD75C0068F3EC /* Eye0.png */ = {isa = PBXFileReference; lastKnownFileType = image.png; path = Eye0.png; sourceTree = "<group>"; };
		0A689BE01DAAD75C0068F3EC /* Eye1.png */ = {isa = PBXFileReference; lastKnownFileType = image.png; path = Eye1.png; sourceTree = "<group>"; };
		0A689BE11DAAD75C0068F3EC /* Eye2.png */ = {isa = PBXFileReference; lastKnownFileType = image.png; path = Eye2.png; sourceTree = "<group>"; };
		0A689BE21DAAD75C0068F3EC /* Eye3.png */ = {isa = PBXFileReference; lastKnownFileType = image.png; path = Eye3.png; sourceTree = "<group>"; };
		0A689BE31DAAD75C0068F3EC /* Eye4.png */ = {isa = PBXFileReference; lastKnownFileType = image.png; path = Eye4.png; sourceTree = "<group>"; };
		0A689BE41DAAD75C0068F3EC /* Eye5.png */ = {isa = PBXFileReference; lastKnownFileType = image.png; path = Eye5.png; sourceTree = "<group>"; };
		0A689BE51DAAD75C0068F3EC /* Eye6.png */ = {isa = PBXFileReference; lastKnownFileType = image.png; path = Eye6.png; sourceTree = "<group>"; };
		0A689BE61DAAD75C0068F3EC /* Eye7.png */ = {isa = PBXFileReference; lastKnownFileType = image.png; path = Eye7.png; sourceTree = "<group>"; };
		0A689BE71DAAD75C0068F3EC /* Eye8.png */ = {isa = PBXFileReference; lastKnownFileType = image.png; path = Eye8.png; sourceTree = "<group>"; };
		0A689BE81DAAD75C0068F3EC /* Eye9.png */ = {isa = PBXFileReference; lastKnownFileType = image.png; path = Eye9.png; sourceTree = "<group>"; };
		0A689BE91DAAD75C0068F3EC /* Eye10.png */ = {isa = PBXFileReference; lastKnownFileType = image.png; path = Eye10.png; sourceTree = "<group>"; };
		0A689BEA1DAAD75C0068F3EC /* Eye11.png */ = {isa = PBXFileReference; lastKnownFileType = image.png; path = Eye11.png; sourceTree = "<group>"; };
		0A689BEB1DAAD75C0068F3EC /* Eye12.png */ = {isa = PBXFileReference; lastKnownFileType = image.png; path = Eye12.png; sourceTree = "<group>"; };
		0A689BEC1DAAD75C0068F3EC /* Eye13.png */ = {isa = PBXFileReference; lastKnownFileType = image.png; path = Eye13.png; sourceTree = "<group>"; };
		0A689BED1DAAD75C0068F3EC /* Eye14.png */ = {isa = PBXFileReference; lastKnownFileType = image.png; path = Eye14.png; sourceTree = "<group>"; };
		0A689BEE1DAAD75C0068F3EC /* Eye15.png */ = {isa = PBXFileReference; lastKnownFileType = image.png; path = Eye15.png; sourceTree = "<group>"; };
		0A689BEF1DAAD75C0068F3EC /* Eye16.png */ = {isa = PBXFileReference; lastKnownFileType = image.png; path = Eye16.png; sourceTree = "<group>"; };
		0A689BF01DAAD75C0068F3EC /* Eye17.png */ = {isa = PBXFileReference; lastKnownFileType = image.png; path = Eye17.png; sourceTree = "<group>"; };
		0A689BF11DAAD75C0068F3EC /* Eye18.png */ = {isa = PBXFileReference; lastKnownFileType = image.png; path = Eye18.png; sourceTree = "<group>"; };
		0A689BF21DAAD75C0068F3EC /* Eye19.png */ = {isa = PBXFileReference; lastKnownFileType = image.png; path = Eye19.png; sourceTree = "<group>"; };
		0A689BF31DAAD75C0068F3EC /* Eye20.png */ = {isa = PBXFileReference; lastKnownFileType = image.png; path = Eye20.png; sourceTree = "<group>"; };
		0A689BF41DAAD75C0068F3EC /* Eye21.png */ = {isa = PBXFileReference; lastKnownFileType = image.png; path = Eye21.png; sourceTree = "<group>"; };
		0A689BF51DAAD75C0068F3EC /* Eye22.png */ = {isa = PBXFileReference; lastKnownFileType = image.png; path = Eye22.png; sourceTree = "<group>"; };
		0A689BF61DAAD75C0068F3EC /* Eye23.png */ = {isa = PBXFileReference; lastKnownFileType = image.png; path = Eye23.png; sourceTree = "<group>"; };
		0A689BF71DAAD75C0068F3EC /* Eye24.png */ = {isa = PBXFileReference; lastKnownFileType = image.png; path = Eye24.png; sourceTree = "<group>"; };
		0A689BF81DAAD75C0068F3EC /* Eye25.png */ = {isa = PBXFileReference; lastKnownFileType = image.png; path = Eye25.png; sourceTree = "<group>"; };
		0A689BF91DAAD75C0068F3EC /* Eye26.png */ = {isa = PBXFileReference; lastKnownFileType = image.png; path = Eye26.png; sourceTree = "<group>"; };
		0A689BFA1DAAD75C0068F3EC /* Eye27.png */ = {isa = PBXFileReference; lastKnownFileType = image.png; path = Eye27.png; sourceTree = "<group>"; };
		0A689BFB1DAAD75C0068F3EC /* Eye28.png */ = {isa = PBXFileReference; lastKnownFileType = image.png; path = Eye28.png; sourceTree = "<group>"; };
		0A689BFC1DAAD75C0068F3EC /* Eye29.png */ = {isa = PBXFileReference; lastKnownFileType = image.png; path = Eye29.png; sourceTree = "<group>"; };
		0A689BFD1DAAD75C0068F3EC /* Eye30.png */ = {isa = PBXFileReference; lastKnownFileType = image.png; path = Eye30.png; sourceTree = "<group>"; };
		0A689BFE1DAAD75C0068F3EC /* Eye31.png */ = {isa = PBXFileReference; lastKnownFileType = image.png; path = Eye31.png; sourceTree = "<group>"; };
		0A689BFF1DAAD75C0068F3EC /* Eye32.png */ = {isa = PBXFileReference; lastKnownFileType = image.png; path = Eye32.png; sourceTree = "<group>"; };
		0A689C001DAAD75C0068F3EC /* Eye33.png */ = {isa = PBXFileReference; lastKnownFileType = image.png; path = Eye33.png; sourceTree = "<group>"; };
		0A689C011DAAD75C0068F3EC /* Eye34.png */ = {isa = PBXFileReference; lastKnownFileType = image.png; path = Eye34.png; sourceTree = "<group>"; };
		0A689C021DAAD75C0068F3EC /* Eye35.png */ = {isa = PBXFileReference; lastKnownFileType = image.png; path = Eye35.png; sourceTree = "<group>"; };
		0A689C031DAAD75C0068F3EC /* Eye36.png */ = {isa = PBXFileReference; lastKnownFileType = image.png; path = Eye36.png; sourceTree = "<group>"; };
		0A689C041DAAD75C0068F3EC /* Eye37.png */ = {isa = PBXFileReference; lastKnownFileType = image.png; path = Eye37.png; sourceTree = "<group>"; };
		0A689C051DAAD75C0068F3EC /* Eye38.png */ = {isa = PBXFileReference; lastKnownFileType = image.png; path = Eye38.png; sourceTree = "<group>"; };
		0A689C061DAAD75C0068F3EC /* Eye39.png */ = {isa = PBXFileReference; lastKnownFileType = image.png; path = Eye39.png; sourceTree = "<group>"; };
		0A689C071DAAD75C0068F3EC /* Eye40.png */ = {isa = PBXFileReference; lastKnownFileType = image.png; path = Eye40.png; sourceTree = "<group>"; };
		0A689C081DAAD75C0068F3EC /* Eye41.png */ = {isa = PBXFileReference; lastKnownFileType = image.png; path = Eye41.png; sourceTree = "<group>"; };
		0A689C091DAAD75C0068F3EC /* Eye42.png */ = {isa = PBXFileReference; lastKnownFileType = image.png; path = Eye42.png; sourceTree = "<group>"; };
		0A689C0A1DAAD75C0068F3EC /* Eye43.png */ = {isa = PBXFileReference; lastKnownFileType = image.png; path = Eye43.png; sourceTree = "<group>"; };
		0A689C0B1DAAD75C0068F3EC /* Eye44.png */ = {isa = PBXFileReference; lastKnownFileType = image.png; path = Eye44.png; sourceTree = "<group>"; };
		0A689C0C1DAAD75C0068F3EC /* Eye45.png */ = {isa = PBXFileReference; lastKnownFileType = image.png; path = Eye45.png; sourceTree = "<group>"; };
		0A689C0D1DAAD75C0068F3EC /* Eye46.png */ = {isa = PBXFileReference; lastKnownFileType = image.png; path = Eye46.png; sourceTree = "<group>"; };
		0A689C0E1DAAD75C0068F3EC /* Eye47.png */ = {isa = PBXFileReference; lastKnownFileType = image.png; path = Eye47.png; sourceTree = "<group>"; };
		0A689C0F1DAAD75C0068F3EC /* Eye48.png */ = {isa = PBXFileReference; lastKnownFileType = image.png; path = Eye48.png; sourceTree = "<group>"; };
		0A689C101DAAD75C0068F3EC /* Eye49.png */ = {isa = PBXFileReference; lastKnownFileType = image.png; path = Eye49.png; sourceTree = "<group>"; };
		0A689C111DAAD75C0068F3EC /* Eye50.png */ = {isa = PBXFileReference; lastKnownFileType = image.png; path = Eye50.png; sourceTree = "<group>"; };
		0A689C451DAAF36F0068F3EC /* SwampGif2.gif */ = {isa = PBXFileReference; lastKnownFileType = image.gif; path = SwampGif2.gif; sourceTree = "<group>"; };
		0A6AE3991D99C36F00F99EE1 /* projectstickers.app */ = {isa = PBXFileReference; explicitFileType = wrapper.application; includeInIndex = 0; path = projectstickers.app; sourceTree = BUILT_PRODUCTS_DIR; };
		0A6AE39C1D99C36F00F99EE1 /* Assets.xcassets */ = {isa = PBXFileReference; lastKnownFileType = folder.assetcatalog; path = Assets.xcassets; sourceTree = "<group>"; };
		0A6AE39E1D99C36F00F99EE1 /* Info.plist */ = {isa = PBXFileReference; lastKnownFileType = text.plist.xml; path = Info.plist; sourceTree = "<group>"; };
		0A6AE3A31D99C36F00F99EE1 /* MessagesExtension.appex */ = {isa = PBXFileReference; explicitFileType = "wrapper.app-extension"; includeInIndex = 0; path = MessagesExtension.appex; sourceTree = BUILT_PRODUCTS_DIR; };
		0A6AE3A81D99C36F00F99EE1 /* Messages.framework */ = {isa = PBXFileReference; lastKnownFileType = wrapper.framework; name = Messages.framework; path = System/Library/Frameworks/Messages.framework; sourceTree = SDKROOT; };
		0A6AE3AB1D99C36F00F99EE1 /* MessagesViewController.swift */ = {isa = PBXFileReference; lastKnownFileType = sourcecode.swift; path = MessagesViewController.swift; sourceTree = "<group>"; };
		0A6AE3AE1D99C36F00F99EE1 /* Base */ = {isa = PBXFileReference; lastKnownFileType = file.storyboard; name = Base; path = Base.lproj/MainInterface.storyboard; sourceTree = "<group>"; };
		0A6AE3B01D99C36F00F99EE1 /* Assets.xcassets */ = {isa = PBXFileReference; lastKnownFileType = folder.assetcatalog; path = Assets.xcassets; sourceTree = "<group>"; };
		0A6AE3B21D99C36F00F99EE1 /* Info.plist */ = {isa = PBXFileReference; lastKnownFileType = text.plist.xml; path = Info.plist; sourceTree = "<group>"; };
		0A6AE3BC1D99C9A500F99EE1 /* DataManager.swift */ = {isa = PBXFileReference; fileEncoding = 4; lastKnownFileType = sourcecode.swift; path = DataManager.swift; sourceTree = "<group>"; };
		0A6AE3BD1D99C9A500F99EE1 /* MonsterBrowserViewController.swift */ = {isa = PBXFileReference; fileEncoding = 4; lastKnownFileType = sourcecode.swift; path = MonsterBrowserViewController.swift; sourceTree = "<group>"; };
		0A6AE3BE1D99C9A500F99EE1 /* MonsterMakerViewController.swift */ = {isa = PBXFileReference; fileEncoding = 4; lastKnownFileType = sourcecode.swift; path = MonsterMakerViewController.swift; sourceTree = "<group>"; };
		0A6AE3BF1D99C9A500F99EE1 /* StickerManager.swift */ = {isa = PBXFileReference; fileEncoding = 4; lastKnownFileType = sourcecode.swift; path = StickerManager.swift; sourceTree = "<group>"; };
		0A9307F51DA2F5F8009EF474 /* Accessories0.png */ = {isa = PBXFileReference; lastKnownFileType = image.png; path = Accessories0.png; sourceTree = "<group>"; };
		0A9307F61DA2F5F8009EF474 /* Accessories1.png */ = {isa = PBXFileReference; lastKnownFileType = image.png; path = Accessories1.png; sourceTree = "<group>"; };
		0A9307F71DA2F5F8009EF474 /* Accessories2.png */ = {isa = PBXFileReference; lastKnownFileType = image.png; path = Accessories2.png; sourceTree = "<group>"; };
		0A9307F81DA2F5F8009EF474 /* Accessories3.png */ = {isa = PBXFileReference; lastKnownFileType = image.png; path = Accessories3.png; sourceTree = "<group>"; };
		0A9307F91DA2F5F8009EF474 /* Accessories4.png */ = {isa = PBXFileReference; lastKnownFileType = image.png; path = Accessories4.png; sourceTree = "<group>"; };
		0A9307FA1DA2F5F8009EF474 /* Accessories5.png */ = {isa = PBXFileReference; lastKnownFileType = image.png; path = Accessories5.png; sourceTree = "<group>"; };
		0A9307FB1DA2F5F8009EF474 /* Accessories6.png */ = {isa = PBXFileReference; lastKnownFileType = image.png; path = Accessories6.png; sourceTree = "<group>"; };
		0A9307FC1DA2F5F8009EF474 /* Accessories7.png */ = {isa = PBXFileReference; lastKnownFileType = image.png; path = Accessories7.png; sourceTree = "<group>"; };
		0A9307FD1DA2F5F8009EF474 /* Accessories8.png */ = {isa = PBXFileReference; lastKnownFileType = image.png; path = Accessories8.png; sourceTree = "<group>"; };
		0A9307FE1DA2F5F8009EF474 /* Accessories9.png */ = {isa = PBXFileReference; lastKnownFileType = image.png; path = Accessories9.png; sourceTree = "<group>"; };
		0A9307FF1DA2F5F8009EF474 /* Accessories10.png */ = {isa = PBXFileReference; lastKnownFileType = image.png; path = Accessories10.png; sourceTree = "<group>"; };
		0A9308001DA2F5F8009EF474 /* Accessories11.png */ = {isa = PBXFileReference; lastKnownFileType = image.png; path = Accessories11.png; sourceTree = "<group>"; };
		0A9308011DA2F5F8009EF474 /* Accessories12.png */ = {isa = PBXFileReference; lastKnownFileType = image.png; path = Accessories12.png; sourceTree = "<group>"; };
		0A9308021DA2F5F8009EF474 /* Accessories13.png */ = {isa = PBXFileReference; lastKnownFileType = image.png; path = Accessories13.png; sourceTree = "<group>"; };
		0A9308031DA2F5F8009EF474 /* Accessories14.png */ = {isa = PBXFileReference; lastKnownFileType = image.png; path = Accessories14.png; sourceTree = "<group>"; };
		0A9308041DA2F5F8009EF474 /* Accessories15.png */ = {isa = PBXFileReference; lastKnownFileType = image.png; path = Accessories15.png; sourceTree = "<group>"; };
		0A9308051DA2F5F8009EF474 /* Accessories16.png */ = {isa = PBXFileReference; lastKnownFileType = image.png; path = Accessories16.png; sourceTree = "<group>"; };
		0A9308061DA2F5F8009EF474 /* Accessories17.png */ = {isa = PBXFileReference; lastKnownFileType = image.png; path = Accessories17.png; sourceTree = "<group>"; };
		0A9308071DA2F5F8009EF474 /* Accessories18.png */ = {isa = PBXFileReference; lastKnownFileType = image.png; path = Accessories18.png; sourceTree = "<group>"; };
		0A9308081DA2F5F8009EF474 /* Accessories19.png */ = {isa = PBXFileReference; lastKnownFileType = image.png; path = Accessories19.png; sourceTree = "<group>"; };
		0A9308211DA30006009EF474 /* Skull0.png */ = {isa = PBXFileReference; lastKnownFileType = image.png; path = Skull0.png; sourceTree = "<group>"; };
		0A9308221DA30006009EF474 /* Skull1.png */ = {isa = PBXFileReference; lastKnownFileType = image.png; path = Skull1.png; sourceTree = "<group>"; };
		0A9308231DA30006009EF474 /* Skull2.png */ = {isa = PBXFileReference; lastKnownFileType = image.png; path = Skull2.png; sourceTree = "<group>"; };
		0A9308241DA30006009EF474 /* Skull3.png */ = {isa = PBXFileReference; lastKnownFileType = image.png; path = Skull3.png; sourceTree = "<group>"; };
		0A9308251DA30006009EF474 /* Skull4.png */ = {isa = PBXFileReference; lastKnownFileType = image.png; path = Skull4.png; sourceTree = "<group>"; };
		0A9308261DA30006009EF474 /* Skull5.png */ = {isa = PBXFileReference; lastKnownFileType = image.png; path = Skull5.png; sourceTree = "<group>"; };
		0A9308271DA30006009EF474 /* Snake0.png */ = {isa = PBXFileReference; lastKnownFileType = image.png; path = Snake0.png; sourceTree = "<group>"; };
		0A9308281DA30006009EF474 /* Snake1.png */ = {isa = PBXFileReference; lastKnownFileType = image.png; path = Snake1.png; sourceTree = "<group>"; };
		0A9308291DA30006009EF474 /* Snake2.png */ = {isa = PBXFileReference; lastKnownFileType = image.png; path = Snake2.png; sourceTree = "<group>"; };
		0A93082A1DA30006009EF474 /* Snake3.png */ = {isa = PBXFileReference; lastKnownFileType = image.png; path = Snake3.png; sourceTree = "<group>"; };
		0A93082B1DA30006009EF474 /* Snake4.png */ = {isa = PBXFileReference; lastKnownFileType = image.png; path = Snake4.png; sourceTree = "<group>"; };
		0A93082C1DA30006009EF474 /* Snake5.png */ = {isa = PBXFileReference; lastKnownFileType = image.png; path = Snake5.png; sourceTree = "<group>"; };
		0A93082D1DA30006009EF474 /* Swamp0.png */ = {isa = PBXFileReference; lastKnownFileType = image.png; path = Swamp0.png; sourceTree = "<group>"; };
		0A93082E1DA30006009EF474 /* Swamp1.png */ = {isa = PBXFileReference; lastKnownFileType = image.png; path = Swamp1.png; sourceTree = "<group>"; };
		0A93082F1DA30006009EF474 /* Swamp2.png */ = {isa = PBXFileReference; lastKnownFileType = image.png; path = Swamp2.png; sourceTree = "<group>"; };
		0A9308301DA30006009EF474 /* Swamp3.png */ = {isa = PBXFileReference; lastKnownFileType = image.png; path = Swamp3.png; sourceTree = "<group>"; };
		0A9308311DA30006009EF474 /* Swamp4.png */ = {isa = PBXFileReference; lastKnownFileType = image.png; path = Swamp4.png; sourceTree = "<group>"; };
		0A9308321DA30006009EF474 /* Swamp5.png */ = {isa = PBXFileReference; lastKnownFileType = image.png; path = Swamp5.png; sourceTree = "<group>"; };
		0A9308331DA30006009EF474 /* Vamp0.png */ = {isa = PBXFileReference; lastKnownFileType = image.png; path = Vamp0.png; sourceTree = "<group>"; };
		0A9308341DA30006009EF474 /* Vamp1.png */ = {isa = PBXFileReference; lastKnownFileType = image.png; path = Vamp1.png; sourceTree = "<group>"; };
		0A9308351DA30006009EF474 /* Vamp2.png */ = {isa = PBXFileReference; lastKnownFileType = image.png; path = Vamp2.png; sourceTree = "<group>"; };
		0A9308361DA30006009EF474 /* Vamp3.png */ = {isa = PBXFileReference; lastKnownFileType = image.png; path = Vamp3.png; sourceTree = "<group>"; };
		0A9308371DA30006009EF474 /* Vamp4.png */ = {isa = PBXFileReference; lastKnownFileType = image.png; path = Vamp4.png; sourceTree = "<group>"; };
		0A9308381DA30006009EF474 /* Vamp5.png */ = {isa = PBXFileReference; lastKnownFileType = image.png; path = Vamp5.png; sourceTree = "<group>"; };
		0A9308391DA30006009EF474 /* Wolf0.png */ = {isa = PBXFileReference; lastKnownFileType = image.png; path = Wolf0.png; sourceTree = "<group>"; };
		0A93083A1DA30006009EF474 /* Wolf1.png */ = {isa = PBXFileReference; lastKnownFileType = image.png; path = Wolf1.png; sourceTree = "<group>"; };
		0A93083B1DA30006009EF474 /* Wolf2.png */ = {isa = PBXFileReference; lastKnownFileType = image.png; path = Wolf2.png; sourceTree = "<group>"; };
		0A93083C1DA30006009EF474 /* Wolf3.png */ = {isa = PBXFileReference; lastKnownFileType = image.png; path = Wolf3.png; sourceTree = "<group>"; };
		0A93083D1DA30006009EF474 /* Wolf4.png */ = {isa = PBXFileReference; lastKnownFileType = image.png; path = Wolf4.png; sourceTree = "<group>"; };
		0A93083E1DA30006009EF474 /* Wolf5.png */ = {isa = PBXFileReference; lastKnownFileType = image.png; path = Wolf5.png; sourceTree = "<group>"; };
		0AF36DC01DA03E0F00DBFCF2 /* Text0.png */ = {isa = PBXFileReference; lastKnownFileType = image.png; path = Text0.png; sourceTree = "<group>"; };
		0AF36DC11DA03E0F00DBFCF2 /* Text1.png */ = {isa = PBXFileReference; lastKnownFileType = image.png; path = Text1.png; sourceTree = "<group>"; };
		0AF36DC21DA03E0F00DBFCF2 /* Text2.png */ = {isa = PBXFileReference; lastKnownFileType = image.png; path = Text2.png; sourceTree = "<group>"; };
		0AF36DC31DA03E0F00DBFCF2 /* Text3.png */ = {isa = PBXFileReference; lastKnownFileType = image.png; path = Text3.png; sourceTree = "<group>"; };
		0AF36DC41DA03E0F00DBFCF2 /* Text4.png */ = {isa = PBXFileReference; lastKnownFileType = image.png; path = Text4.png; sourceTree = "<group>"; };
		0AF36DC51DA03E0F00DBFCF2 /* Text5.png */ = {isa = PBXFileReference; lastKnownFileType = image.png; path = Text5.png; sourceTree = "<group>"; };
		0AF36DCC1DA03E1700DBFCF2 /* Head0.png */ = {isa = PBXFileReference; lastKnownFileType = image.png; path = Head0.png; sourceTree = "<group>"; };
		0AF36DCD1DA03E1700DBFCF2 /* Head1.png */ = {isa = PBXFileReference; lastKnownFileType = image.png; path = Head1.png; sourceTree = "<group>"; };
		0AF36DCE1DA03E1700DBFCF2 /* Head2.png */ = {isa = PBXFileReference; lastKnownFileType = image.png; path = Head2.png; sourceTree = "<group>"; };
		0AF36DCF1DA03E1700DBFCF2 /* Head3.png */ = {isa = PBXFileReference; lastKnownFileType = image.png; path = Head3.png; sourceTree = "<group>"; };
		0AF36DD01DA03E1700DBFCF2 /* Head4.png */ = {isa = PBXFileReference; lastKnownFileType = image.png; path = Head4.png; sourceTree = "<group>"; };
/* End PBXFileReference section */

/* Begin PBXFrameworksBuildPhase section */
		0A6AE3A01D99C36F00F99EE1 /* Frameworks */ = {
			isa = PBXFrameworksBuildPhase;
			buildActionMask = 2147483647;
			files = (
				0A6AE3A91D99C36F00F99EE1 /* Messages.framework in Frameworks */,
			);
			runOnlyForDeploymentPostprocessing = 0;
		};
/* End PBXFrameworksBuildPhase section */

/* Begin PBXGroup section */
		0A1A2C201DA18CE80084FACA /* Mouth */ = {
			isa = PBXGroup;
			children = (
				0A1A2C631DA18D1D0084FACA /* Mouth0.png */,
				0A1A2C641DA18D1D0084FACA /* Mouth1.png */,
				0A1A2C651DA18D1D0084FACA /* Mouth2.png */,
				0A1A2C661DA18D1D0084FACA /* Mouth3.png */,
				0A1A2C671DA18D1D0084FACA /* Mouth4.png */,
				0A1A2C681DA18D1D0084FACA /* Mouth5.png */,
				0A1A2C691DA18D1D0084FACA /* Mouth6.png */,
				0A1A2C6A1DA18D1D0084FACA /* Mouth7.png */,
				0A1A2C6B1DA18D1D0084FACA /* Mouth8.png */,
				0A1A2C6C1DA18D1D0084FACA /* Mouth9.png */,
				0A1A2C6D1DA18D1D0084FACA /* Mouth10.png */,
				0A1A2C6E1DA18D1D0084FACA /* Mouth11.png */,
				0A1A2C6F1DA18D1D0084FACA /* Mouth12.png */,
				0A1A2C701DA18D1D0084FACA /* Mouth13.png */,
				0A1A2C711DA18D1D0084FACA /* Mouth14.png */,
				0A1A2C721DA18D1D0084FACA /* Mouth15.png */,
				0A1A2C731DA18D1D0084FACA /* Mouth16.png */,
				0A1A2C741DA18D1D0084FACA /* Mouth17.png */,
				0A1A2C751DA18D1D0084FACA /* Mouth18.png */,
				0A1A2C761DA18D1D0084FACA /* Mouth19.png */,
				0A1A2C771DA18D1D0084FACA /* Mouth20.png */,
				0A1A2C781DA18D1D0084FACA /* Mouth21.png */,
				0A1A2C791DA18D1D0084FACA /* Mouth22.png */,
				0A1A2C7A1DA18D1D0084FACA /* Mouth23.png */,
				0A1A2C7B1DA18D1D0084FACA /* Mouth24.png */,
				0A1A2C7C1DA18D1D0084FACA /* Mouth25.png */,
				0A1A2C7D1DA18D1D0084FACA /* Mouth26.png */,
				0A1A2C7E1DA18D1D0084FACA /* Mouth27.png */,
				0A1A2C7F1DA18D1D0084FACA /* Mouth28.png */,
				0A1A2C801DA18D1D0084FACA /* Mouth29.png */,
				0A1A2C811DA18D1D0084FACA /* Mouth30.png */,
				0A1A2C821DA18D1D0084FACA /* Mouth31.png */,
				0A1A2C831DA18D1D0084FACA /* Mouth32.png */,
			);
			path = Mouth;
			sourceTree = "<group>";
		};
		0A6AE3921D99C36F00F99EE1 = {
			isa = PBXGroup;
			children = (
				0A6AE39B1D99C36F00F99EE1 /* projectstickers */,
				0A6AE3AA1D99C36F00F99EE1 /* MessagesExtension */,
				0A6AE3A71D99C36F00F99EE1 /* Frameworks */,
				0A6AE39A1D99C36F00F99EE1 /* Products */,
			);
			sourceTree = "<group>";
		};
		0A6AE39A1D99C36F00F99EE1 /* Products */ = {
			isa = PBXGroup;
			children = (
				0A6AE3991D99C36F00F99EE1 /* projectstickers.app */,
				0A6AE3A31D99C36F00F99EE1 /* MessagesExtension.appex */,
			);
			name = Products;
			sourceTree = "<group>";
		};
		0A6AE39B1D99C36F00F99EE1 /* projectstickers */ = {
			isa = PBXGroup;
			children = (
				0A6AE39C1D99C36F00F99EE1 /* Assets.xcassets */,
				0A6AE39E1D99C36F00F99EE1 /* Info.plist */,
			);
			path = projectstickers;
			sourceTree = "<group>";
		};
		0A6AE3A71D99C36F00F99EE1 /* Frameworks */ = {
			isa = PBXGroup;
			children = (
				0A6AE3A81D99C36F00F99EE1 /* Messages.framework */,
			);
			name = Frameworks;
			sourceTree = "<group>";
		};
		0A6AE3AA1D99C36F00F99EE1 /* MessagesExtension */ = {
			isa = PBXGroup;
			children = (
				0A75E4871D9D9C660095AC92 /* Parts */,
				0A75E44A1D9D9AF90095AC92 /* Stickers */,
				0A6AE3AB1D99C36F00F99EE1 /* MessagesViewController.swift */,
				0A6AE3BC1D99C9A500F99EE1 /* DataManager.swift */,
				0A6AE3BD1D99C9A500F99EE1 /* MonsterBrowserViewController.swift */,
				0A689BB71DAA6D7A0068F3EC /* StickerCollectionViewCell.swift */,
				0A6AE3BE1D99C9A500F99EE1 /* MonsterMakerViewController.swift */,
				0A4AE0561D9A9EA40012CDAD /* MonsterPartsManager.swift */,
				0A6AE3BF1D99C9A500F99EE1 /* StickerManager.swift */,
				0A6AE3AD1D99C36F00F99EE1 /* MainInterface.storyboard */,
				0A6AE3B01D99C36F00F99EE1 /* Assets.xcassets */,
				0A6AE3B21D99C36F00F99EE1 /* Info.plist */,
			);
			path = MessagesExtension;
			sourceTree = "<group>";
		};
		0A75E44A1D9D9AF90095AC92 /* Stickers */ = {
			isa = PBXGroup;
			children = (
				0A9308211DA30006009EF474 /* Skull0.png */,
				0A9308221DA30006009EF474 /* Skull1.png */,
				0A9308231DA30006009EF474 /* Skull2.png */,
				0A9308241DA30006009EF474 /* Skull3.png */,
				0A9308251DA30006009EF474 /* Skull4.png */,
				0A9308261DA30006009EF474 /* Skull5.png */,
				0A9308271DA30006009EF474 /* Snake0.png */,
				0A9308281DA30006009EF474 /* Snake1.png */,
				0A9308291DA30006009EF474 /* Snake2.png */,
				0A93082A1DA30006009EF474 /* Snake3.png */,
				0A93082B1DA30006009EF474 /* Snake4.png */,
				0A93082C1DA30006009EF474 /* Snake5.png */,
				0A93082D1DA30006009EF474 /* Swamp0.png */,
				0A93082E1DA30006009EF474 /* Swamp1.png */,
				0A93082F1DA30006009EF474 /* Swamp2.png */,
				0A9308301DA30006009EF474 /* Swamp3.png */,
				0A9308311DA30006009EF474 /* Swamp4.png */,
				0A9308321DA30006009EF474 /* Swamp5.png */,
				0A9308331DA30006009EF474 /* Vamp0.png */,
				0A9308341DA30006009EF474 /* Vamp1.png */,
				0A9308351DA30006009EF474 /* Vamp2.png */,
				0A9308361DA30006009EF474 /* Vamp3.png */,
				0A9308371DA30006009EF474 /* Vamp4.png */,
				0A9308381DA30006009EF474 /* Vamp5.png */,
				0A9308391DA30006009EF474 /* Wolf0.png */,
				0A93083A1DA30006009EF474 /* Wolf1.png */,
				0A93083B1DA30006009EF474 /* Wolf2.png */,
				0A93083C1DA30006009EF474 /* Wolf3.png */,
				0A93083D1DA30006009EF474 /* Wolf4.png */,
				0A93083E1DA30006009EF474 /* Wolf5.png */,
				0A689BC71DAAB74E0068F3EC /* SkullGif0.gif */,
				0A689BC81DAAB74E0068F3EC /* SkullGif1.gif */,
				0A689BC91DAAB74E0068F3EC /* SkullGif2.gif */,
				0A689BCA1DAAB74E0068F3EC /* SkullGif3.gif */,
				0A689BCB1DAAB74E0068F3EC /* SkullGif4.gif */,
				0A689BCC1DAAB74E0068F3EC /* SkullGif5.gif */,
				0A689BCD1DAAB74E0068F3EC /* WolfGif0.gif */,
				0A689BCE1DAAB74E0068F3EC /* WolfGif1.gif */,
				0A689BD01DAAB74E0068F3EC /* WolfGif3.gif */,
				0A689BD11DAAB74E0068F3EC /* WolfGif4.gif */,
				0A689BD21DAAB74E0068F3EC /* WolfGif5.gif */,
				0A689C451DAAF36F0068F3EC /* SwampGif2.gif */,
			);
			name = Stickers;
			sourceTree = "<group>";
		};
		0A75E4871D9D9C660095AC92 /* Parts */ = {
			isa = PBXGroup;
			children = (
				0AF36DB51DA03C7900DBFCF2 /* Heads */,
				0A1A2C201DA18CE80084FACA /* Mouth */,
				0A75E4A51D9DB6DE0095AC92 /* Accessories */,
				0AF36DA81DA03C6800DBFCF2 /* Text */,
				0A75E4AC1D9DB6DE0095AC92 /* Eyes */,
			);
			name = Parts;
			sourceTree = "<group>";
		};
		0A75E4A51D9DB6DE0095AC92 /* Accessories */ = {
			isa = PBXGroup;
			children = (
				0A9307F51DA2F5F8009EF474 /* Accessories0.png */,
				0A9307F61DA2F5F8009EF474 /* Accessories1.png */,
				0A9307F71DA2F5F8009EF474 /* Accessories2.png */,
				0A9307F81DA2F5F8009EF474 /* Accessories3.png */,
				0A9307F91DA2F5F8009EF474 /* Accessories4.png */,
				0A9307FA1DA2F5F8009EF474 /* Accessories5.png */,
				0A9307FB1DA2F5F8009EF474 /* Accessories6.png */,
				0A9307FC1DA2F5F8009EF474 /* Accessories7.png */,
				0A9307FD1DA2F5F8009EF474 /* Accessories8.png */,
				0A9307FE1DA2F5F8009EF474 /* Accessories9.png */,
				0A9307FF1DA2F5F8009EF474 /* Accessories10.png */,
				0A9308001DA2F5F8009EF474 /* Accessories11.png */,
				0A9308011DA2F5F8009EF474 /* Accessories12.png */,
				0A9308021DA2F5F8009EF474 /* Accessories13.png */,
				0A9308031DA2F5F8009EF474 /* Accessories14.png */,
				0A9308041DA2F5F8009EF474 /* Accessories15.png */,
				0A9308051DA2F5F8009EF474 /* Accessories16.png */,
				0A9308061DA2F5F8009EF474 /* Accessories17.png */,
				0A9308071DA2F5F8009EF474 /* Accessories18.png */,
				0A9308081DA2F5F8009EF474 /* Accessories19.png */,
			);
			path = Accessories;
			sourceTree = "<group>";
		};
		0A75E4AC1D9DB6DE0095AC92 /* Eyes */ = {
			isa = PBXGroup;
			children = (
				0A689BDF1DAAD75C0068F3EC /* Eye0.png */,
				0A689BE01DAAD75C0068F3EC /* Eye1.png */,
				0A689BE11DAAD75C0068F3EC /* Eye2.png */,
				0A689BE21DAAD75C0068F3EC /* Eye3.png */,
				0A689BE31DAAD75C0068F3EC /* Eye4.png */,
				0A689BE41DAAD75C0068F3EC /* Eye5.png */,
				0A689BE51DAAD75C0068F3EC /* Eye6.png */,
				0A689BE61DAAD75C0068F3EC /* Eye7.png */,
				0A689BE71DAAD75C0068F3EC /* Eye8.png */,
				0A689BE81DAAD75C0068F3EC /* Eye9.png */,
				0A689BE91DAAD75C0068F3EC /* Eye10.png */,
				0A689BEA1DAAD75C0068F3EC /* Eye11.png */,
				0A689BEB1DAAD75C0068F3EC /* Eye12.png */,
				0A689BEC1DAAD75C0068F3EC /* Eye13.png */,
				0A689BED1DAAD75C0068F3EC /* Eye14.png */,
				0A689BEE1DAAD75C0068F3EC /* Eye15.png */,
				0A689BEF1DAAD75C0068F3EC /* Eye16.png */,
				0A689BF01DAAD75C0068F3EC /* Eye17.png */,
				0A689BF11DAAD75C0068F3EC /* Eye18.png */,
				0A689BF21DAAD75C0068F3EC /* Eye19.png */,
				0A689BF31DAAD75C0068F3EC /* Eye20.png */,
				0A689BF41DAAD75C0068F3EC /* Eye21.png */,
				0A689BF51DAAD75C0068F3EC /* Eye22.png */,
				0A689BF61DAAD75C0068F3EC /* Eye23.png */,
				0A689BF71DAAD75C0068F3EC /* Eye24.png */,
				0A689BF81DAAD75C0068F3EC /* Eye25.png */,
				0A689BF91DAAD75C0068F3EC /* Eye26.png */,
				0A689BFA1DAAD75C0068F3EC /* Eye27.png */,
				0A689BFB1DAAD75C0068F3EC /* Eye28.png */,
				0A689BFC1DAAD75C0068F3EC /* Eye29.png */,
				0A689BFD1DAAD75C0068F3EC /* Eye30.png */,
				0A689BFE1DAAD75C0068F3EC /* Eye31.png */,
				0A689BFF1DAAD75C0068F3EC /* Eye32.png */,
				0A689C001DAAD75C0068F3EC /* Eye33.png */,
				0A689C011DAAD75C0068F3EC /* Eye34.png */,
				0A689C021DAAD75C0068F3EC /* Eye35.png */,
				0A689C031DAAD75C0068F3EC /* Eye36.png */,
				0A689C041DAAD75C0068F3EC /* Eye37.png */,
				0A689C051DAAD75C0068F3EC /* Eye38.png */,
				0A689C061DAAD75C0068F3EC /* Eye39.png */,
				0A689C071DAAD75C0068F3EC /* Eye40.png */,
				0A689C081DAAD75C0068F3EC /* Eye41.png */,
				0A689C091DAAD75C0068F3EC /* Eye42.png */,
				0A689C0A1DAAD75C0068F3EC /* Eye43.png */,
				0A689C0B1DAAD75C0068F3EC /* Eye44.png */,
				0A689C0C1DAAD75C0068F3EC /* Eye45.png */,
				0A689C0D1DAAD75C0068F3EC /* Eye46.png */,
				0A689C0E1DAAD75C0068F3EC /* Eye47.png */,
				0A689C0F1DAAD75C0068F3EC /* Eye48.png */,
				0A689C101DAAD75C0068F3EC /* Eye49.png */,
				0A689C111DAAD75C0068F3EC /* Eye50.png */,
			);
			path = Eyes;
			sourceTree = "<group>";
		};
		0AF36DA81DA03C6800DBFCF2 /* Text */ = {
			isa = PBXGroup;
			children = (
				0AF36DC01DA03E0F00DBFCF2 /* Text0.png */,
				0AF36DC11DA03E0F00DBFCF2 /* Text1.png */,
				0AF36DC21DA03E0F00DBFCF2 /* Text2.png */,
				0AF36DC31DA03E0F00DBFCF2 /* Text3.png */,
				0AF36DC41DA03E0F00DBFCF2 /* Text4.png */,
				0AF36DC51DA03E0F00DBFCF2 /* Text5.png */,
			);
			path = Text;
			sourceTree = "<group>";
		};
		0AF36DB51DA03C7900DBFCF2 /* Heads */ = {
			isa = PBXGroup;
			children = (
				0AF36DCC1DA03E1700DBFCF2 /* Head0.png */,
				0AF36DCD1DA03E1700DBFCF2 /* Head1.png */,
				0AF36DCE1DA03E1700DBFCF2 /* Head2.png */,
				0AF36DCF1DA03E1700DBFCF2 /* Head3.png */,
				0AF36DD01DA03E1700DBFCF2 /* Head4.png */,
			);
			path = Heads;
			sourceTree = "<group>";
		};
/* End PBXGroup section */

/* Begin PBXNativeTarget section */
		0A6AE3981D99C36F00F99EE1 /* projectstickers */ = {
			isa = PBXNativeTarget;
			buildConfigurationList = 0A6AE3B91D99C36F00F99EE1 /* Build configuration list for PBXNativeTarget "projectstickers" */;
			buildPhases = (
				0A6AE3971D99C36F00F99EE1 /* Resources */,
				0A6AE3B81D99C36F00F99EE1 /* Embed App Extensions */,
			);
			buildRules = (
			);
			dependencies = (
				0A6AE3A61D99C36F00F99EE1 /* PBXTargetDependency */,
			);
			name = projectstickers;
			productName = projectstickers;
			productReference = 0A6AE3991D99C36F00F99EE1 /* projectstickers.app */;
			productType = "com.apple.product-type.application.messages";
		};
		0A6AE3A21D99C36F00F99EE1 /* MessagesExtension */ = {
			isa = PBXNativeTarget;
			buildConfigurationList = 0A6AE3B51D99C36F00F99EE1 /* Build configuration list for PBXNativeTarget "MessagesExtension" */;
			buildPhases = (
				0A6AE39F1D99C36F00F99EE1 /* Sources */,
				0A6AE3A01D99C36F00F99EE1 /* Frameworks */,
				0A6AE3A11D99C36F00F99EE1 /* Resources */,
			);
			buildRules = (
			);
			dependencies = (
			);
			name = MessagesExtension;
			productName = MessagesExtension;
			productReference = 0A6AE3A31D99C36F00F99EE1 /* MessagesExtension.appex */;
			productType = "com.apple.product-type.app-extension.messages";
		};
/* End PBXNativeTarget section */

/* Begin PBXProject section */
		0A6AE3931D99C36F00F99EE1 /* Project object */ = {
			isa = PBXProject;
			attributes = {
				LastSwiftUpdateCheck = 0800;
				LastUpgradeCheck = 0800;
				ORGANIZATIONNAME = "William Robinson";
				TargetAttributes = {
					0A6AE3981D99C36F00F99EE1 = {
						CreatedOnToolsVersion = 8.0;
						DevelopmentTeam = XEN7DUD59Z;
						ProvisioningStyle = Automatic;
					};
					0A6AE3A21D99C36F00F99EE1 = {
						CreatedOnToolsVersion = 8.0;
						DevelopmentTeam = XEN7DUD59Z;
						ProvisioningStyle = Automatic;
					};
				};
			};
			buildConfigurationList = 0A6AE3961D99C36F00F99EE1 /* Build configuration list for PBXProject "projectstickers" */;
			compatibilityVersion = "Xcode 3.2";
			developmentRegion = English;
			hasScannedForEncodings = 0;
			knownRegions = (
				en,
				Base,
			);
			mainGroup = 0A6AE3921D99C36F00F99EE1;
			productRefGroup = 0A6AE39A1D99C36F00F99EE1 /* Products */;
			projectDirPath = "";
			projectRoot = "";
			targets = (
				0A6AE3981D99C36F00F99EE1 /* projectstickers */,
				0A6AE3A21D99C36F00F99EE1 /* MessagesExtension */,
			);
		};
/* End PBXProject section */

/* Begin PBXResourcesBuildPhase section */
		0A6AE3971D99C36F00F99EE1 /* Resources */ = {
			isa = PBXResourcesBuildPhase;
			buildActionMask = 2147483647;
			files = (
				0A6AE39D1D99C36F00F99EE1 /* Assets.xcassets in Resources */,
			);
			runOnlyForDeploymentPostprocessing = 0;
		};
		0A6AE3A11D99C36F00F99EE1 /* Resources */ = {
			isa = PBXResourcesBuildPhase;
			buildActionMask = 2147483647;
			files = (
				0A689BD31DAAB74E0068F3EC /* SkullGif0.gif in Resources */,
				0A689C261DAAD75C0068F3EC /* Eye20.png in Resources */,
				0A1A2C951DA18D1D0084FACA /* Mouth17.png in Resources */,
				0A689C141DAAD75C0068F3EC /* Eye2.png in Resources */,
				0A1A2C991DA18D1D0084FACA /* Mouth21.png in Resources */,
				0A9308171DA2F5F8009EF474 /* Accessories14.png in Resources */,
				0A1A2C9D1DA18D1D0084FACA /* Mouth25.png in Resources */,
				0A93080A1DA2F5F8009EF474 /* Accessories1.png in Resources */,
				0A689BD61DAAB74E0068F3EC /* SkullGif3.gif in Resources */,
				0A689C431DAAD75C0068F3EC /* Eye49.png in Resources */,
				0A1A2C881DA18D1D0084FACA /* Mouth4.png in Resources */,
				0A689C3B1DAAD75C0068F3EC /* Eye41.png in Resources */,
				0A689C421DAAD75C0068F3EC /* Eye48.png in Resources */,
				0A689BDE1DAAB74E0068F3EC /* WolfGif5.gif in Resources */,
				0A93084D1DA30006009EF474 /* Swamp2.png in Resources */,
				0A1A2C871DA18D1D0084FACA /* Mouth3.png in Resources */,
				0A9308491DA30006009EF474 /* Snake4.png in Resources */,
				0A689C341DAAD75C0068F3EC /* Eye34.png in Resources */,
				0A689C3A1DAAD75C0068F3EC /* Eye40.png in Resources */,
				0A1A2C841DA18D1D0084FACA /* Mouth0.png in Resources */,
				0A689C241DAAD75C0068F3EC /* Eye18.png in Resources */,
				0A689C1A1DAAD75C0068F3EC /* Eye8.png in Resources */,
				0A689BDC1DAAB74E0068F3EC /* WolfGif3.gif in Resources */,
				0A93080E1DA2F5F8009EF474 /* Accessories5.png in Resources */,
				0A689C291DAAD75C0068F3EC /* Eye23.png in Resources */,
				0A689C401DAAD75C0068F3EC /* Eye46.png in Resources */,
				0A689C321DAAD75C0068F3EC /* Eye32.png in Resources */,
				0A1A2C861DA18D1D0084FACA /* Mouth2.png in Resources */,
				0A689C2F1DAAD75C0068F3EC /* Eye29.png in Resources */,
				0A689C1B1DAAD75C0068F3EC /* Eye9.png in Resources */,
				0AF36DCB1DA03E0F00DBFCF2 /* Text5.png in Resources */,
				0A689C161DAAD75C0068F3EC /* Eye4.png in Resources */,
				0A1A2C8B1DA18D1D0084FACA /* Mouth7.png in Resources */,
				0A689C1C1DAAD75C0068F3EC /* Eye10.png in Resources */,
				0A689C281DAAD75C0068F3EC /* Eye22.png in Resources */,
				0AF36DC71DA03E0F00DBFCF2 /* Text1.png in Resources */,
				0A9308141DA2F5F8009EF474 /* Accessories11.png in Resources */,
				0AF36DD51DA03E1700DBFCF2 /* Head4.png in Resources */,
				0AF36DD31DA03E1700DBFCF2 /* Head2.png in Resources */,
				0A9308581DA30006009EF474 /* Wolf1.png in Resources */,
				0A93080C1DA2F5F8009EF474 /* Accessories3.png in Resources */,
				0A689C2E1DAAD75C0068F3EC /* Eye28.png in Resources */,
				0A93083F1DA30006009EF474 /* Skull0.png in Resources */,
				0A9308401DA30006009EF474 /* Skull1.png in Resources */,
				0A689BDD1DAAB74E0068F3EC /* WolfGif4.gif in Resources */,
				0A1A2C8A1DA18D1D0084FACA /* Mouth6.png in Resources */,
				0A9308151DA2F5F8009EF474 /* Accessories12.png in Resources */,
				0A1A2C8D1DA18D1D0084FACA /* Mouth9.png in Resources */,
				0A9308121DA2F5F8009EF474 /* Accessories9.png in Resources */,
				0A93080F1DA2F5F8009EF474 /* Accessories6.png in Resources */,
				0A1A2C911DA18D1D0084FACA /* Mouth13.png in Resources */,
				0A1A2C9C1DA18D1D0084FACA /* Mouth24.png in Resources */,
				0AF36DD11DA03E1700DBFCF2 /* Head0.png in Resources */,
				0A689C251DAAD75C0068F3EC /* Eye19.png in Resources */,
				0A689BD81DAAB74E0068F3EC /* SkullGif5.gif in Resources */,
				0A689C211DAAD75C0068F3EC /* Eye15.png in Resources */,
				0A9308101DA2F5F8009EF474 /* Accessories7.png in Resources */,
				0A689BDA1DAAB74E0068F3EC /* WolfGif1.gif in Resources */,
				0A93085B1DA30006009EF474 /* Wolf4.png in Resources */,
				0A689C2D1DAAD75C0068F3EC /* Eye27.png in Resources */,
				0A93085C1DA30006009EF474 /* Wolf5.png in Resources */,
				0A689C191DAAD75C0068F3EC /* Eye7.png in Resources */,
				0A689C2B1DAAD75C0068F3EC /* Eye25.png in Resources */,
				0A1A2C931DA18D1D0084FACA /* Mouth15.png in Resources */,
				0A9308501DA30006009EF474 /* Swamp5.png in Resources */,
				0A1A2C8E1DA18D1D0084FACA /* Mouth10.png in Resources */,
				0A689C1D1DAAD75C0068F3EC /* Eye11.png in Resources */,
				0A689C1E1DAAD75C0068F3EC /* Eye12.png in Resources */,
				0A689C3C1DAAD75C0068F3EC /* Eye42.png in Resources */,
				0A1A2CA31DA18D1D0084FACA /* Mouth31.png in Resources */,
				0A689BD71DAAB74E0068F3EC /* SkullGif4.gif in Resources */,
				0A9308161DA2F5F8009EF474 /* Accessories13.png in Resources */,
				0A689C181DAAD75C0068F3EC /* Eye6.png in Resources */,
				0A9308591DA30006009EF474 /* Wolf2.png in Resources */,
				0A689C3E1DAAD75C0068F3EC /* Eye44.png in Resources */,
				0A6AE3B11D99C36F00F99EE1 /* Assets.xcassets in Resources */,
				0A1A2C921DA18D1D0084FACA /* Mouth14.png in Resources */,
				0A1A2C971DA18D1D0084FACA /* Mouth19.png in Resources */,
				0A1A2C9F1DA18D1D0084FACA /* Mouth27.png in Resources */,
				0A1A2C9E1DA18D1D0084FACA /* Mouth26.png in Resources */,
				0A689C221DAAD75C0068F3EC /* Eye16.png in Resources */,
				0A9308471DA30006009EF474 /* Snake2.png in Resources */,
				0A9308421DA30006009EF474 /* Skull3.png in Resources */,
				0A689C121DAAD75C0068F3EC /* Eye0.png in Resources */,
				0A689C131DAAD75C0068F3EC /* Eye1.png in Resources */,
				0A93081C1DA2F5F8009EF474 /* Accessories19.png in Resources */,
				0A93084C1DA30006009EF474 /* Swamp1.png in Resources */,
				0A9308191DA2F5F8009EF474 /* Accessories16.png in Resources */,
				0A9308181DA2F5F8009EF474 /* Accessories15.png in Resources */,
				0A689C3F1DAAD75C0068F3EC /* Eye45.png in Resources */,
				0A9308411DA30006009EF474 /* Skull2.png in Resources */,
				0A689C391DAAD75C0068F3EC /* Eye39.png in Resources */,
				0AF36DCA1DA03E0F00DBFCF2 /* Text4.png in Resources */,
				0A9308541DA30006009EF474 /* Vamp3.png in Resources */,
				0A689C271DAAD75C0068F3EC /* Eye21.png in Resources */,
				0A93084E1DA30006009EF474 /* Swamp3.png in Resources */,
				0A1A2C9A1DA18D1D0084FACA /* Mouth22.png in Resources */,
				0A9308561DA30006009EF474 /* Vamp5.png in Resources */,
				0A9308431DA30006009EF474 /* Skull4.png in Resources */,
				0A1A2C941DA18D1D0084FACA /* Mouth16.png in Resources */,
				0AF36DC91DA03E0F00DBFCF2 /* Text3.png in Resources */,
				0A1A2C891DA18D1D0084FACA /* Mouth5.png in Resources */,
				0A689C441DAAD75C0068F3EC /* Eye50.png in Resources */,
				0A9308451DA30006009EF474 /* Snake0.png in Resources */,
				0A1A2C901DA18D1D0084FACA /* Mouth12.png in Resources */,
				0A1A2C8F1DA18D1D0084FACA /* Mouth11.png in Resources */,
				0A689C351DAAD75C0068F3EC /* Eye35.png in Resources */,
				0A689C201DAAD75C0068F3EC /* Eye14.png in Resources */,
				0A9308111DA2F5F8009EF474 /* Accessories8.png in Resources */,
				0A9308551DA30006009EF474 /* Vamp4.png in Resources */,
				0AF36DD21DA03E1700DBFCF2 /* Head1.png in Resources */,
				0A689C311DAAD75C0068F3EC /* Eye31.png in Resources */,
				0A9308481DA30006009EF474 /* Snake3.png in Resources */,
				0A9308511DA30006009EF474 /* Vamp0.png in Resources */,
				0A689C381DAAD75C0068F3EC /* Eye38.png in Resources */,
				0A689C361DAAD75C0068F3EC /* Eye36.png in Resources */,
				0A689C461DAAF36F0068F3EC /* SwampGif2.gif in Resources */,
				0A689BD51DAAB74E0068F3EC /* SkullGif2.gif in Resources */,
				0A689BD41DAAB74E0068F3EC /* SkullGif1.gif in Resources */,
				0A689C2C1DAAD75C0068F3EC /* Eye26.png in Resources */,
				0A689C151DAAD75C0068F3EC /* Eye3.png in Resources */,
				0A93081A1DA2F5F8009EF474 /* Accessories17.png in Resources */,
				0A1A2CA11DA18D1D0084FACA /* Mouth29.png in Resources */,
				0A93084A1DA30006009EF474 /* Snake5.png in Resources */,
				0A689C411DAAD75C0068F3EC /* Eye47.png in Resources */,
				0A9308131DA2F5F8009EF474 /* Accessories10.png in Resources */,
				0A93081B1DA2F5F8009EF474 /* Accessories18.png in Resources */,
				0A1A2C8C1DA18D1D0084FACA /* Mouth8.png in Resources */,
				0A1A2C981DA18D1D0084FACA /* Mouth20.png in Resources */,
				0AF36DC81DA03E0F00DBFCF2 /* Text2.png in Resources */,
				0A93080B1DA2F5F8009EF474 /* Accessories2.png in Resources */,
				0A9308461DA30006009EF474 /* Snake1.png in Resources */,
				0A93084B1DA30006009EF474 /* Swamp0.png in Resources */,
				0A9308521DA30006009EF474 /* Vamp1.png in Resources */,
				0A689C301DAAD75C0068F3EC /* Eye30.png in Resources */,
				0A6AE3AF1D99C36F00F99EE1 /* MainInterface.storyboard in Resources */,
				0A1A2C851DA18D1D0084FACA /* Mouth1.png in Resources */,
				0A9308531DA30006009EF474 /* Vamp2.png in Resources */,
				0A9308441DA30006009EF474 /* Skull5.png in Resources */,
				0A9308091DA2F5F8009EF474 /* Accessories0.png in Resources */,
				0A689BD91DAAB74E0068F3EC /* WolfGif0.gif in Resources */,
				0A1A2C961DA18D1D0084FACA /* Mouth18.png in Resources */,
				0A1A2C9B1DA18D1D0084FACA /* Mouth23.png in Resources */,
				0A689C371DAAD75C0068F3EC /* Eye37.png in Resources */,
				0A689C1F1DAAD75C0068F3EC /* Eye13.png in Resources */,
				0A1A2CA21DA18D1D0084FACA /* Mouth30.png in Resources */,
				0A689C231DAAD75C0068F3EC /* Eye17.png in Resources */,
				0A1A2CA01DA18D1D0084FACA /* Mouth28.png in Resources */,
				0A689C331DAAD75C0068F3EC /* Eye33.png in Resources */,
				0A689C3D1DAAD75C0068F3EC /* Eye43.png in Resources */,
				0AF36DC61DA03E0F00DBFCF2 /* Text0.png in Resources */,
				0A1A2CA41DA18D1D0084FACA /* Mouth32.png in Resources */,
				0A689C2A1DAAD75C0068F3EC /* Eye24.png in Resources */,
				0A689C171DAAD75C0068F3EC /* Eye5.png in Resources */,
				0A9308571DA30006009EF474 /* Wolf0.png in Resources */,
				0AF36DD41DA03E1700DBFCF2 /* Head3.png in Resources */,
				0A93084F1DA30006009EF474 /* Swamp4.png in Resources */,
				0A93080D1DA2F5F8009EF474 /* Accessories4.png in Resources */,
				0A93085A1DA30006009EF474 /* Wolf3.png in Resources */,
			);
			runOnlyForDeploymentPostprocessing = 0;
		};
/* End PBXResourcesBuildPhase section */

/* Begin PBXSourcesBuildPhase section */
		0A6AE39F1D99C36F00F99EE1 /* Sources */ = {
			isa = PBXSourcesBuildPhase;
			buildActionMask = 2147483647;
			files = (
				0A6AE3C21D99C9A500F99EE1 /* MonsterMakerViewController.swift in Sources */,
				0A6AE3C11D99C9A500F99EE1 /* MonsterBrowserViewController.swift in Sources */,
				0A689BB81DAA6D7A0068F3EC /* StickerCollectionViewCell.swift in Sources */,
				0A6AE3AC1D99C36F00F99EE1 /* MessagesViewController.swift in Sources */,
				0A6AE3C31D99C9A500F99EE1 /* StickerManager.swift in Sources */,
				0A6AE3C01D99C9A500F99EE1 /* DataManager.swift in Sources */,
				0A4AE0571D9A9EA40012CDAD /* MonsterPartsManager.swift in Sources */,
			);
			runOnlyForDeploymentPostprocessing = 0;
		};
/* End PBXSourcesBuildPhase section */

/* Begin PBXTargetDependency section */
		0A6AE3A61D99C36F00F99EE1 /* PBXTargetDependency */ = {
			isa = PBXTargetDependency;
			target = 0A6AE3A21D99C36F00F99EE1 /* MessagesExtension */;
			targetProxy = 0A6AE3A51D99C36F00F99EE1 /* PBXContainerItemProxy */;
		};
/* End PBXTargetDependency section */

/* Begin PBXVariantGroup section */
		0A6AE3AD1D99C36F00F99EE1 /* MainInterface.storyboard */ = {
			isa = PBXVariantGroup;
			children = (
				0A6AE3AE1D99C36F00F99EE1 /* Base */,
			);
			name = MainInterface.storyboard;
			sourceTree = "<group>";
		};
/* End PBXVariantGroup section */

/* Begin XCBuildConfiguration section */
		0A6AE3B31D99C36F00F99EE1 /* Debug */ = {
			isa = XCBuildConfiguration;
			buildSettings = {
				ALWAYS_SEARCH_USER_PATHS = NO;
				CLANG_ANALYZER_NONNULL = YES;
				CLANG_CXX_LANGUAGE_STANDARD = "gnu++0x";
				CLANG_CXX_LIBRARY = "libc++";
				CLANG_ENABLE_MODULES = YES;
				CLANG_ENABLE_OBJC_ARC = YES;
				CLANG_WARN_BOOL_CONVERSION = YES;
				CLANG_WARN_CONSTANT_CONVERSION = YES;
				CLANG_WARN_DIRECT_OBJC_ISA_USAGE = YES_ERROR;
				CLANG_WARN_DOCUMENTATION_COMMENTS = YES;
				CLANG_WARN_EMPTY_BODY = YES;
				CLANG_WARN_ENUM_CONVERSION = YES;
				CLANG_WARN_INFINITE_RECURSION = YES;
				CLANG_WARN_INT_CONVERSION = YES;
				CLANG_WARN_OBJC_ROOT_CLASS = YES_ERROR;
				CLANG_WARN_SUSPICIOUS_MOVES = YES;
				CLANG_WARN_UNREACHABLE_CODE = YES;
				CLANG_WARN__DUPLICATE_METHOD_MATCH = YES;
				"CODE_SIGN_IDENTITY[sdk=iphoneos*]" = "iPhone Developer";
				COPY_PHASE_STRIP = NO;
				DEBUG_INFORMATION_FORMAT = dwarf;
				ENABLE_STRICT_OBJC_MSGSEND = YES;
				ENABLE_TESTABILITY = YES;
				GCC_C_LANGUAGE_STANDARD = gnu99;
				GCC_DYNAMIC_NO_PIC = NO;
				GCC_NO_COMMON_BLOCKS = YES;
				GCC_OPTIMIZATION_LEVEL = 0;
				GCC_PREPROCESSOR_DEFINITIONS = (
					"DEBUG=1",
					"$(inherited)",
				);
				GCC_WARN_64_TO_32_BIT_CONVERSION = YES;
				GCC_WARN_ABOUT_RETURN_TYPE = YES_ERROR;
				GCC_WARN_UNDECLARED_SELECTOR = YES;
				GCC_WARN_UNINITIALIZED_AUTOS = YES_AGGRESSIVE;
				GCC_WARN_UNUSED_FUNCTION = YES;
				GCC_WARN_UNUSED_VARIABLE = YES;
				IPHONEOS_DEPLOYMENT_TARGET = 10.0;
				MTL_ENABLE_DEBUG_INFO = YES;
				ONLY_ACTIVE_ARCH = YES;
				SDKROOT = iphoneos;
				SWIFT_ACTIVE_COMPILATION_CONDITIONS = DEBUG;
				SWIFT_OPTIMIZATION_LEVEL = "-Onone";
			};
			name = Debug;
		};
		0A6AE3B41D99C36F00F99EE1 /* Release */ = {
			isa = XCBuildConfiguration;
			buildSettings = {
				ALWAYS_SEARCH_USER_PATHS = NO;
				CLANG_ANALYZER_NONNULL = YES;
				CLANG_CXX_LANGUAGE_STANDARD = "gnu++0x";
				CLANG_CXX_LIBRARY = "libc++";
				CLANG_ENABLE_MODULES = YES;
				CLANG_ENABLE_OBJC_ARC = YES;
				CLANG_WARN_BOOL_CONVERSION = YES;
				CLANG_WARN_CONSTANT_CONVERSION = YES;
				CLANG_WARN_DIRECT_OBJC_ISA_USAGE = YES_ERROR;
				CLANG_WARN_DOCUMENTATION_COMMENTS = YES;
				CLANG_WARN_EMPTY_BODY = YES;
				CLANG_WARN_ENUM_CONVERSION = YES;
				CLANG_WARN_INFINITE_RECURSION = YES;
				CLANG_WARN_INT_CONVERSION = YES;
				CLANG_WARN_OBJC_ROOT_CLASS = YES_ERROR;
				CLANG_WARN_SUSPICIOUS_MOVES = YES;
				CLANG_WARN_UNREACHABLE_CODE = YES;
				CLANG_WARN__DUPLICATE_METHOD_MATCH = YES;
				"CODE_SIGN_IDENTITY[sdk=iphoneos*]" = "iPhone Developer";
				COPY_PHASE_STRIP = NO;
				DEBUG_INFORMATION_FORMAT = "dwarf-with-dsym";
				ENABLE_NS_ASSERTIONS = NO;
				ENABLE_STRICT_OBJC_MSGSEND = YES;
				GCC_C_LANGUAGE_STANDARD = gnu99;
				GCC_NO_COMMON_BLOCKS = YES;
				GCC_WARN_64_TO_32_BIT_CONVERSION = YES;
				GCC_WARN_ABOUT_RETURN_TYPE = YES_ERROR;
				GCC_WARN_UNDECLARED_SELECTOR = YES;
				GCC_WARN_UNINITIALIZED_AUTOS = YES_AGGRESSIVE;
				GCC_WARN_UNUSED_FUNCTION = YES;
				GCC_WARN_UNUSED_VARIABLE = YES;
				IPHONEOS_DEPLOYMENT_TARGET = 10.0;
				MTL_ENABLE_DEBUG_INFO = NO;
				SDKROOT = iphoneos;
				SWIFT_OPTIMIZATION_LEVEL = "-Owholemodule";
				VALIDATE_PRODUCT = YES;
			};
			name = Release;
		};
		0A6AE3B61D99C36F00F99EE1 /* Debug */ = {
			isa = XCBuildConfiguration;
			buildSettings = {
				ASSETCATALOG_COMPILER_APPICON_NAME = "iMessage App Icon";
				DEVELOPMENT_TEAM = XEN7DUD59Z;
				INFOPLIST_FILE = MessagesExtension/Info.plist;
				LD_RUNPATH_SEARCH_PATHS = "$(inherited) @executable_path/Frameworks @executable_path/../../Frameworks";
				PRODUCT_BUNDLE_IDENTIFIER = me.williamrobinson.projectstickers.MessagesExtension;
				PRODUCT_NAME = "$(TARGET_NAME)";
				SKIP_INSTALL = YES;
				SWIFT_VERSION = 3.0;
			};
			name = Debug;
		};
		0A6AE3B71D99C36F00F99EE1 /* Release */ = {
			isa = XCBuildConfiguration;
			buildSettings = {
				ASSETCATALOG_COMPILER_APPICON_NAME = "iMessage App Icon";
				DEVELOPMENT_TEAM = XEN7DUD59Z;
				INFOPLIST_FILE = MessagesExtension/Info.plist;
				LD_RUNPATH_SEARCH_PATHS = "$(inherited) @executable_path/Frameworks @executable_path/../../Frameworks";
				PRODUCT_BUNDLE_IDENTIFIER = me.williamrobinson.projectstickers.MessagesExtension;
				PRODUCT_NAME = "$(TARGET_NAME)";
				SKIP_INSTALL = YES;
				SWIFT_VERSION = 3.0;
			};
			name = Release;
		};
		0A6AE3BA1D99C36F00F99EE1 /* Debug */ = {
			isa = XCBuildConfiguration;
			buildSettings = {
				ALWAYS_EMBED_SWIFT_STANDARD_LIBRARIES = YES;
				ASSETCATALOG_COMPILER_APPICON_NAME = AppIcon;
				DEVELOPMENT_TEAM = XEN7DUD59Z;
				INFOPLIST_FILE = projectstickers/Info.plist;
				PRODUCT_BUNDLE_IDENTIFIER = me.williamrobinson.projectstickers;
				PRODUCT_NAME = "$(TARGET_NAME)";
				SWIFT_VERSION = 3.0;
				TARGETED_DEVICE_FAMILY = "1,2";
			};
			name = Debug;
		};
		0A6AE3BB1D99C36F00F99EE1 /* Release */ = {
			isa = XCBuildConfiguration;
			buildSettings = {
				ALWAYS_EMBED_SWIFT_STANDARD_LIBRARIES = YES;
				ASSETCATALOG_COMPILER_APPICON_NAME = AppIcon;
				DEVELOPMENT_TEAM = XEN7DUD59Z;
				INFOPLIST_FILE = projectstickers/Info.plist;
				PRODUCT_BUNDLE_IDENTIFIER = me.williamrobinson.projectstickers;
				PRODUCT_NAME = "$(TARGET_NAME)";
				SWIFT_VERSION = 3.0;
				TARGETED_DEVICE_FAMILY = "1,2";
			};
			name = Release;
		};
/* End XCBuildConfiguration section */

/* Begin XCConfigurationList section */
		0A6AE3961D99C36F00F99EE1 /* Build configuration list for PBXProject "projectstickers" */ = {
			isa = XCConfigurationList;
			buildConfigurations = (
				0A6AE3B31D99C36F00F99EE1 /* Debug */,
				0A6AE3B41D99C36F00F99EE1 /* Release */,
			);
			defaultConfigurationIsVisible = 0;
			defaultConfigurationName = Release;
		};
		0A6AE3B51D99C36F00F99EE1 /* Build configuration list for PBXNativeTarget "MessagesExtension" */ = {
			isa = XCConfigurationList;
			buildConfigurations = (
				0A6AE3B61D99C36F00F99EE1 /* Debug */,
				0A6AE3B71D99C36F00F99EE1 /* Release */,
			);
			defaultConfigurationIsVisible = 0;
			defaultConfigurationName = Release;
		};
		0A6AE3B91D99C36F00F99EE1 /* Build configuration list for PBXNativeTarget "projectstickers" */ = {
			isa = XCConfigurationList;
			buildConfigurations = (
				0A6AE3BA1D99C36F00F99EE1 /* Debug */,
				0A6AE3BB1D99C36F00F99EE1 /* Release */,
			);
			defaultConfigurationIsVisible = 0;
			defaultConfigurationName = Release;
		};
/* End XCConfigurationList section */
	};
	rootObject = 0A6AE3931D99C36F00F99EE1 /* Project object */;
}
